{
  "version": 4,
  "terraform_version": "1.15.0",
  "serial": 102,
  "lineage": "908473a8-5c6e-c70a-1fcb-c85afefa7342",
  "outputs": {
    "api_gateway_url": {
      "value": "https://7vdm33gmxh.execute-api.ca-west-1.amazonaws.com/prod",
      "type": "string"
    },
    "cloudfront_url": {
      "value": "https://d225kyvnm52aug.cloudfront.net",
      "type": "string"
    },
    "cognito_client_id": {
      "value": "77s4p5p4p8dr0gq1s1ubjq3f0j",
      "type": "string"
    },
    "cognito_user_pool_id": {
      "value": "ca-west-1_s938OjSzp",
      "type": "string"
    }
  },
  "resources": [
    {
      "module": "module.api",
      "mode": "managed",
      "type": "aws_apigatewayv2_api",
      "name": "main",
      "provider": "provider[\"registry.terraform.io/hashicorp/aws\"]",
      "instances": [
        {
          "schema_version": 0,
          "attributes": {
            "api_endpoint": "https://7vdm33gmxh.execute-api.ca-west-1.amazonaws.com",
            "api_key_selection_expression": "$request.header.x-api-key",
            "arn": "arn:aws:apigateway:ca-west-1::/apis/7vdm33gmxh",
            "body": null,
            "cors_configuration": [
              {
                "allow_credentials": false,
                "allow_headers": [
                  "authorization",
                  "content-type"
                ],
                "allow_methods": [
                  "DELETE",
                  "GET",
                  "OPTIONS",
                  "POST",
                  "PUT"
                ],
                "allow_origins": [
                  "*"
                ],
                "expose_headers": [
                  "*"
                ],
                "max_age": 300
              }
            ],
            "credentials_arn": null,
            "description": "",
            "disable_execute_api_endpoint": false,
            "execution_arn": "arn:aws:execute-api:ca-west-1:845517756474:7vdm33gmxh",
            "fail_on_warnings": null,
            "id": "7vdm33gmxh",
            "ip_address_type": "ipv4",
            "name": "fasting-tracker-api",
            "protocol_type": "HTTP",
            "route_key": null,
            "route_selection_expression": "$request.method $request.path",
            "tags": {
              "Project": "fasting-tracker"
            },
            "tags_all": {
              "Project": "fasting-tracker"
            },
            "target": null,
            "version": ""
          },
          "sensitive_attributes": [],
          "identity_schema_version": 0,
          "private": "bnVsbA==",
          "dependencies": [
            "module.auth.aws_cognito_user_pool.main",
            "module.auth.aws_cognito_user_pool_client.web",
            "module.auth.aws_cognito_user_pool_domain.main",
            "module.frontend.aws_cloudfront_distribution.frontend",
            "module.frontend.aws_s3_bucket.frontend",
            "module.frontend.aws_s3_bucket_policy.frontend",
            "module.frontend.aws_s3_bucket_public_access_block.frontend",
            "module.lambda.aws_iam_role.lambda_role",
            "module.lambda.aws_iam_role_policy.lambda_dynamodb",
            "module.lambda.aws_iam_role_policy.lambda_sns",
            "module.lambda.aws_iam_role_policy_attachment.lambda_cloudwatch",
            "module.lambda.aws_iam_role_policy_attachment.lambda_logs",
            "module.lambda.aws_lambda_function.get_fasting",
            "module.lambda.aws_lambda_function.get_health",
            "module.lambda.aws_lambda_function.get_status",
            "module.lambda.aws_lambda_function.manage_overrides",
            "module.lambda.aws_lambda_function.reminder",
            "module.storage.aws_dynamodb_table.fasting_overrides",
            "module.storage.aws_dynamodb_table.fasting_records",
            "module.storage.aws_dynamodb_table.health_snapshots",
            "module.storage.aws_dynamodb_table.notification_recipients",
            "module.storage.aws_dynamodb_table.reminder_log",
            "module.storage.aws_s3_bucket.lambda_storage"
          ]
        }
      ]
    },
    {
      "module": "module.api",
      "mode": "managed",
      "type": "aws_apigatewayv2_authorizer",
      "name": "cognito",
      "provider": "provider[\"registry.terraform.io/hashicorp/aws\"]",
      "instances": [
        {
          "schema_version": 0,
          "attributes": {
            "api_id": "7vdm33gmxh",
            "authorizer_credentials_arn": "",
            "authorizer_payload_format_version": "",
            "authorizer_result_ttl_in_seconds": 0,
            "authorizer_type": "JWT",
            "authorizer_uri": "",
            "enable_simple_responses": false,
            "id": "l00smu",
            "identity_sources": [
              "$request.header.Authorization"
            ],
            "jwt_configuration": [
              {
                "audience": [
                  "77s4p5p4p8dr0gq1s1ubjq3f0j"
                ],
                "issuer": "https://cognito-idp.ca-west-1.amazonaws.com/ca-west-1_s938OjSzp"
              }
            ],
            "name": "cognito-authorizer",
            "timeouts": null
          },
          "sensitive_attributes": [],
          "identity_schema_version": 0,
          "private": "eyJlMmJmYjczMC1lY2FhLTExZTYtOGY4OC0zNDM2M2JjN2M0YzAiOnsiZGVsZXRlIjoxODAwMDAwMDAwMDAwfX0=",
          "dependencies": [
            "module.api.aws_apigatewayv2_api.main",
            "module.auth.aws_cognito_user_pool.main",
            "module.auth.aws_cognito_user_pool_client.web",
            "module.auth.aws_cognito_user_pool_domain.main",
            "module.frontend.aws_cloudfront_distribution.frontend",
            "module.frontend.aws_s3_bucket.frontend",
            "module.frontend.aws_s3_bucket_policy.frontend",
            "module.frontend.aws_s3_bucket_public_access_block.frontend",
            "module.lambda.aws_iam_role.lambda_role",
            "module.lambda.aws_iam_role_policy.lambda_dynamodb",
            "module.lambda.aws_iam_role_policy.lambda_sns",
            "module.lambda.aws_iam_role_policy_attachment.lambda_cloudwatch",
            "module.lambda.aws_iam_role_policy_attachment.lambda_logs",
            "module.lambda.aws_lambda_function.get_fasting",
            "module.lambda.aws_lambda_function.get_health",
            "module.lambda.aws_lambda_function.get_status",
            "module.lambda.aws_lambda_function.manage_overrides",
            "module.lambda.aws_lambda_function.reminder",
            "module.storage.aws_dynamodb_table.fasting_overrides",
            "module.storage.aws_dynamodb_table.fasting_records",
            "module.storage.aws_dynamodb_table.health_snapshots",
            "module.storage.aws_dynamodb_table.notification_recipients",
            "module.storage.aws_dynamodb_table.reminder_log",
            "module.storage.aws_s3_bucket.lambda_storage"
          ]
        }
      ]
    },
    {
      "module": "module.api",
      "mode": "managed",
      "type": "aws_apigatewayv2_integration",
      "name": "get_fasting",
      "provider": "provider[\"registry.terraform.io/hashicorp/aws\"]",
      "instances": [
        {
          "schema_version": 0,
          "attributes": {
            "api_id": "7vdm33gmxh",
            "connection_id": "",
            "connection_type": "INTERNET",
            "content_handling_strategy": "",
            "credentials_arn": "",
            "description": "",
            "id": "u6klrl9",
            "integration_method": "POST",
            "integration_response_selection_expression": "",
            "integration_subtype": "",
            "integration_type": "AWS_PROXY",
            "integration_uri": "arn:aws:lambda:ca-west-1:845517756474:function:fasting-tracker-get-fasting",
            "passthrough_behavior": "",
            "payload_format_version": "2.0",
            "request_parameters": {},
            "request_templates": {},
            "response_parameters": [],
            "template_selection_expression": "",
            "timeout_milliseconds": 30000,
            "tls_config": []
          },
          "sensitive_attributes": [],
          "identity_schema_version": 0,
          "private": "bnVsbA==",
          "dependencies": [
            "module.api.aws_apigatewayv2_api.main",
            "module.auth.aws_cognito_user_pool.main",
            "module.auth.aws_cognito_user_pool_client.web",
            "module.auth.aws_cognito_user_pool_domain.main",
            "module.frontend.aws_cloudfront_distribution.frontend",
            "module.frontend.aws_s3_bucket.frontend",
            "module.frontend.aws_s3_bucket_policy.frontend",
            "module.frontend.aws_s3_bucket_public_access_block.frontend",
            "module.lambda.aws_iam_role.lambda_role",
            "module.lambda.aws_iam_role_policy.lambda_dynamodb",
            "module.lambda.aws_iam_role_policy.lambda_sns",
            "module.lambda.aws_iam_role_policy_attachment.lambda_cloudwatch",
            "module.lambda.aws_iam_role_policy_attachment.lambda_logs",
            "module.lambda.aws_lambda_function.get_fasting",
            "module.lambda.aws_lambda_function.get_health",
            "module.lambda.aws_lambda_function.get_status",
            "module.lambda.aws_lambda_function.manage_overrides",
            "module.lambda.aws_lambda_function.reminder",
            "module.storage.aws_dynamodb_table.fasting_overrides",
            "module.storage.aws_dynamodb_table.fasting_records",
            "module.storage.aws_dynamodb_table.health_snapshots",
            "module.storage.aws_dynamodb_table.notification_recipients",
            "module.storage.aws_dynamodb_table.reminder_log",
            "module.storage.aws_s3_bucket.lambda_storage"
          ]
        }
      ]
    },
    {
      "module": "module.api",
      "mode": "managed",
      "type": "aws_apigatewayv2_integration",
      "name": "get_health",
      "provider": "provider[\"registry.terraform.io/hashicorp/aws\"]",
      "instances": [
        {
          "schema_version": 0,
          "attributes": {
            "api_id": "7vdm33gmxh",
            "connection_id": "",
            "connection_type": "INTERNET",
            "content_handling_strategy": "",
            "credentials_arn": "",
            "description": "",
            "id": "vlm8g38",
            "integration_method": "POST",
            "integration_response_selection_expression": "",
            "integration_subtype": "",
            "integration_type": "AWS_PROXY",
            "integration_uri": "arn:aws:lambda:ca-west-1:845517756474:function:fasting-tracker-get-health",
            "passthrough_behavior": "",
            "payload_format_version": "2.0",
            "request_parameters": {},
            "request_templates": {},
            "response_parameters": [],
            "template_selection_expression": "",
            "timeout_milliseconds": 30000,
            "tls_config": []
          },
          "sensitive_attributes": [],
          "identity_schema_version": 0,
          "private": "bnVsbA==",
          "dependencies": [
            "module.api.aws_apigatewayv2_api.main",
            "module.auth.aws_cognito_user_pool.main",
            "module.auth.aws_cognito_user_pool_client.web",
            "module.auth.aws_cognito_user_pool_domain.main",
            "module.frontend.aws_cloudfront_distribution.frontend",
            "module.frontend.aws_s3_bucket.frontend",
            "module.frontend.aws_s3_bucket_policy.frontend",
            "module.frontend.aws_s3_bucket_public_access_block.frontend",
            "module.lambda.aws_iam_role.lambda_role",
            "module.lambda.aws_iam_role_policy.lambda_dynamodb",
            "module.lambda.aws_iam_role_policy.lambda_sns",
            "module.lambda.aws_iam_role_policy_attachment.lambda_cloudwatch",
            "module.lambda.aws_iam_role_policy_attachment.lambda_logs",
            "module.lambda.aws_lambda_function.get_fasting",
            "module.lambda.aws_lambda_function.get_health",
            "module.lambda.aws_lambda_function.get_status",
            "module.lambda.aws_lambda_function.manage_overrides",
            "module.lambda.aws_lambda_function.reminder",
            "module.storage.aws_dynamodb_table.fasting_overrides",
            "module.storage.aws_dynamodb_table.fasting_records",
            "module.storage.aws_dynamodb_table.health_snapshots",
            "module.storage.aws_dynamodb_table.notification_recipients",
            "module.storage.aws_dynamodb_table.reminder_log",
            "module.storage.aws_s3_bucket.lambda_storage"
          ]
        }
      ]
    },
    {
      "module": "module.api",
      "mode": "managed",
      "type": "aws_apigatewayv2_integration",
      "name": "get_status",
      "provider": "provider[\"registry.terraform.io/hashicorp/aws\"]",
      "instances": [
        {
          "schema_version": 0,
          "attributes": {
            "api_id": "7vdm33gmxh",
            "connection_id": "",
            "connection_type": "INTERNET",
            "content_handling_strategy": "",
            "credentials_arn": "",
            "description": "",
            "id": "4wu79uj",
            "integration_method": "POST",
            "integration_response_selection_expression": "",
            "integration_subtype": "",
            "integration_type": "AWS_PROXY",
            "integration_uri": "arn:aws:lambda:ca-west-1:845517756474:function:fasting-tracker-get-status",
            "passthrough_behavior": "",
            "payload_format_version": "2.0",
            "request_parameters": {},
            "request_templates": {},
            "response_parameters": [],
            "template_selection_expression": "",
            "timeout_milliseconds": 30000,
            "tls_config": []
          },
          "sensitive_attributes": [],
          "identity_schema_version": 0,
          "private": "bnVsbA==",
          "dependencies": [
            "module.api.aws_apigatewayv2_api.main",
            "module.auth.aws_cognito_user_pool.main",
            "module.auth.aws_cognito_user_pool_client.web",
            "module.auth.aws_cognito_user_pool_domain.main",
            "module.frontend.aws_cloudfront_distribution.frontend",
            "module.frontend.aws_s3_bucket.frontend",
            "module.frontend.aws_s3_bucket_policy.frontend",
            "module.frontend.aws_s3_bucket_public_access_block.frontend",
            "module.lambda.aws_iam_role.lambda_role",
            "module.lambda.aws_iam_role_policy.lambda_dynamodb",
            "module.lambda.aws_iam_role_policy.lambda_sns",
            "module.lambda.aws_iam_role_policy_attachment.lambda_cloudwatch",
            "module.lambda.aws_iam_role_policy_attachment.lambda_logs",
            "module.lambda.aws_lambda_function.get_fasting",
            "module.lambda.aws_lambda_function.get_health",
            "module.lambda.aws_lambda_function.get_status",
            "module.lambda.aws_lambda_function.manage_overrides",
            "module.lambda.aws_lambda_function.reminder",
            "module.storage.aws_dynamodb_table.fasting_overrides",
            "module.storage.aws_dynamodb_table.fasting_records",
            "module.storage.aws_dynamodb_table.health_snapshots",
            "module.storage.aws_dynamodb_table.notification_recipients",
            "module.storage.aws_dynamodb_table.reminder_log",
            "module.storage.aws_s3_bucket.lambda_storage"
          ]
        }
      ]
    },
    {
      "module": "module.api",
      "mode": "managed",
      "type": "aws_apigatewayv2_integration",
      "name": "manage_overrides",
      "provider": "provider[\"registry.terraform.io/hashicorp/aws\"]",
      "instances": [
        {
          "schema_version": 0,
          "attributes": {
            "api_id": "7vdm33gmxh",
            "connection_id": "",
            "connection_type": "INTERNET",
            "content_handling_strategy": "",
            "credentials_arn": "",
            "description": "",
            "id": "y1eqfhu",
            "integration_method": "POST",
            "integration_response_selection_expression": "",
            "integration_subtype": "",
            "integration_type": "AWS_PROXY",
            "integration_uri": "arn:aws:lambda:ca-west-1:845517756474:function:fasting-tracker-manage-overrides",
            "passthrough_behavior": "",
            "payload_format_version": "2.0",
            "request_parameters": {},
            "request_templates": {},
            "response_parameters": [],
            "template_selection_expression": "",
            "timeout_milliseconds": 30000,
            "tls_config": []
          },
          "sensitive_attributes": [],
          "identity_schema_version": 0,
          "private": "bnVsbA==",
          "dependencies": [
            "module.api.aws_apigatewayv2_api.main",
            "module.auth.aws_cognito_user_pool.main",
            "module.auth.aws_cognito_user_pool_client.web",
            "module.auth.aws_cognito_user_pool_domain.main",
            "module.frontend.aws_cloudfront_distribution.frontend",
            "module.frontend.aws_s3_bucket.frontend",
            "module.frontend.aws_s3_bucket_policy.frontend",
            "module.frontend.aws_s3_bucket_public_access_block.frontend",
            "module.lambda.aws_iam_role.lambda_role",
            "module.lambda.aws_iam_role_policy.lambda_dynamodb",
            "module.lambda.aws_iam_role_policy.lambda_sns",
            "module.lambda.aws_iam_role_policy_attachment.lambda_cloudwatch",
            "module.lambda.aws_iam_role_policy_attachment.lambda_logs",
            "module.lambda.aws_lambda_function.get_fasting",
            "module.lambda.aws_lambda_function.get_health",
            "module.lambda.aws_lambda_function.get_status",
            "module.lambda.aws_lambda_function.manage_overrides",
            "module.lambda.aws_lambda_function.reminder",
            "module.storage.aws_dynamodb_table.fasting_overrides",
            "module.storage.aws_dynamodb_table.fasting_records",
            "module.storage.aws_dynamodb_table.health_snapshots",
            "module.storage.aws_dynamodb_table.notification_recipients",
            "module.storage.aws_dynamodb_table.reminder_log",
            "module.storage.aws_s3_bucket.lambda_storage"
          ]
        }
      ]
    },
    {
      "module": "module.api",
      "mode": "managed",
      "type": "aws_apigatewayv2_route",
      "name": "delete_overrides",
      "provider": "provider[\"registry.terraform.io/hashicorp/aws\"]",
      "instances": [
        {
          "schema_version": 0,
          "attributes": {
            "api_id": "7vdm33gmxh",
            "api_key_required": false,
            "authorization_scopes": [],
            "authorization_type": "JWT",
            "authorizer_id": "l00smu",
            "id": "ua1jmao",
            "model_selection_expression": "",
            "operation_name": "",
            "request_models": {},
            "request_parameter": [],
            "route_key": "DELETE /overrides",
            "route_response_selection_expression": "",
            "target": "integrations/y1eqfhu"
          },
          "sensitive_attributes": [],
          "identity_schema_version": 0,
          "private": "bnVsbA==",
          "dependencies": [
            "module.api.aws_apigatewayv2_api.main",
            "module.api.aws_apigatewayv2_authorizer.cognito",
            "module.api.aws_apigatewayv2_integration.manage_overrides",
            "module.auth.aws_cognito_user_pool.main",
            "module.auth.aws_cognito_user_pool_client.web",
            "module.auth.aws_cognito_user_pool_domain.main",
            "module.frontend.aws_cloudfront_distribution.frontend",
            "module.frontend.aws_s3_bucket.frontend",
            "module.frontend.aws_s3_bucket_policy.frontend",
            "module.frontend.aws_s3_bucket_public_access_block.frontend",
            "module.lambda.aws_iam_role.lambda_role",
            "module.lambda.aws_iam_role_policy.lambda_dynamodb",
            "module.lambda.aws_iam_role_policy.lambda_sns",
            "module.lambda.aws_iam_role_policy_attachment.lambda_cloudwatch",
            "module.lambda.aws_iam_role_policy_attachment.lambda_logs",
            "module.lambda.aws_lambda_function.get_fasting",
            "module.lambda.aws_lambda_function.get_health",
            "module.lambda.aws_lambda_function.get_status",
            "module.lambda.aws_lambda_function.manage_overrides",
            "module.lambda.aws_lambda_function.reminder",
            "module.storage.aws_dynamodb_table.fasting_overrides",
            "module.storage.aws_dynamodb_table.fasting_records",
            "module.storage.aws_dynamodb_table.health_snapshots",
            "module.storage.aws_dynamodb_table.notification_recipients",
            "module.storage.aws_dynamodb_table.reminder_log",
            "module.storage.aws_s3_bucket.lambda_storage"
          ]
        }
      ]
    },
    {
      "module": "module.api",
      "mode": "managed",
      "type": "aws_apigatewayv2_route",
      "name": "get_fasting",
      "provider": "provider[\"registry.terraform.io/hashicorp/aws\"]",
      "instances": [
        {
          "schema_version": 0,
          "attributes": {
            "api_id": "7vdm33gmxh",
            "api_key_required": false,
            "authorization_scopes": [],
            "authorization_type": "JWT",
            "authorizer_id": "l00smu",
            "id": "nc0hxa9",
            "model_selection_expression": "",
            "operation_name": "",
            "request_models": {},
            "request_parameter": [],
            "route_key": "GET /fasting",
            "route_response_selection_expression": "",
            "target": "integrations/u6klrl9"
          },
          "sensitive_attributes": [],
          "identity_schema_version": 0,
          "private": "bnVsbA==",
          "dependencies": [
            "module.api.aws_apigatewayv2_api.main",
            "module.api.aws_apigatewayv2_authorizer.cognito",
            "module.api.aws_apigatewayv2_integration.get_fasting",
            "module.auth.aws_cognito_user_pool.main",
            "module.auth.aws_cognito_user_pool_client.web",
            "module.auth.aws_cognito_user_pool_domain.main",
            "module.frontend.aws_cloudfront_distribution.frontend",
            "module.frontend.aws_s3_bucket.frontend",
            "module.frontend.aws_s3_bucket_policy.frontend",
            "module.frontend.aws_s3_bucket_public_access_block.frontend",
            "module.lambda.aws_iam_role.lambda_role",
            "module.lambda.aws_iam_role_policy.lambda_dynamodb",
            "module.lambda.aws_iam_role_policy.lambda_sns",
            "module.lambda.aws_iam_role_policy_attachment.lambda_cloudwatch",
            "module.lambda.aws_iam_role_policy_attachment.lambda_logs",
            "module.lambda.aws_lambda_function.get_fasting",
            "module.lambda.aws_lambda_function.get_health",
            "module.lambda.aws_lambda_function.get_status",
            "module.lambda.aws_lambda_function.manage_overrides",
            "module.lambda.aws_lambda_function.reminder",
            "module.storage.aws_dynamodb_table.fasting_overrides",
            "module.storage.aws_dynamodb_table.fasting_records",
            "module.storage.aws_dynamodb_table.health_snapshots",
            "module.storage.aws_dynamodb_table.notification_recipients",
            "module.storage.aws_dynamodb_table.reminder_log",
            "module.storage.aws_s3_bucket.lambda_storage"
          ]
        }
      ]
    },
    {
      "module": "module.api",
      "mode": "managed",
      "type": "aws_apigatewayv2_route",
      "name": "get_health",
      "provider": "provider[\"registry.terraform.io/hashicorp/aws\"]",
      "instances": [
        {
          "schema_version": 0,
          "attributes": {
            "api_id": "7vdm33gmxh",
            "api_key_required": false,
            "authorization_scopes": [],
            "authorization_type": "JWT",
            "authorizer_id": "l00smu",
            "id": "4nczjm7",
            "model_selection_expression": "",
            "operation_name": "",
            "request_models": {},
            "request_parameter": [],
            "route_key": "GET /health",
            "route_response_selection_expression": "",
            "target": "integrations/vlm8g38"
          },
          "sensitive_attributes": [],
          "identity_schema_version": 0,
          "private": "bnVsbA==",
          "dependencies": [
            "module.api.aws_apigatewayv2_api.main",
            "module.api.aws_apigatewayv2_authorizer.cognito",
            "module.api.aws_apigatewayv2_integration.get_health",
            "module.auth.aws_cognito_user_pool.main",
            "module.auth.aws_cognito_user_pool_client.web",
            "module.auth.aws_cognito_user_pool_domain.main",
            "module.frontend.aws_cloudfront_distribution.frontend",
            "module.frontend.aws_s3_bucket.frontend",
            "module.frontend.aws_s3_bucket_policy.frontend",
            "module.frontend.aws_s3_bucket_public_access_block.frontend",
            "module.lambda.aws_iam_role.lambda_role",
            "module.lambda.aws_iam_role_policy.lambda_dynamodb",
            "module.lambda.aws_iam_role_policy.lambda_sns",
            "module.lambda.aws_iam_role_policy_attachment.lambda_cloudwatch",
            "module.lambda.aws_iam_role_policy_attachment.lambda_logs",
            "module.lambda.aws_lambda_function.get_fasting",
            "module.lambda.aws_lambda_function.get_health",
            "module.lambda.aws_lambda_function.get_status",
            "module.lambda.aws_lambda_function.manage_overrides",
            "module.lambda.aws_lambda_function.reminder",
            "module.storage.aws_dynamodb_table.fasting_overrides",
            "module.storage.aws_dynamodb_table.fasting_records",
            "module.storage.aws_dynamodb_table.health_snapshots",
            "module.storage.aws_dynamodb_table.notification_recipients",
            "module.storage.aws_dynamodb_table.reminder_log",
            "module.storage.aws_s3_bucket.lambda_storage"
          ]
        }
      ]
    },
    {
      "module": "module.api",
      "mode": "managed",
      "type": "aws_apigatewayv2_route",
      "name": "get_overrides",
      "provider": "provider[\"registry.terraform.io/hashicorp/aws\"]",
      "instances": [
        {
          "schema_version": 0,
          "attributes": {
            "api_id": "7vdm33gmxh",
            "api_key_required": false,
            "authorization_scopes": [],
            "authorization_type": "JWT",
            "authorizer_id": "l00smu",
            "id": "6m95e7g",
            "model_selection_expression": "",
            "operation_name": "",
            "request_models": {},
            "request_parameter": [],
            "route_key": "GET /overrides",
            "route_response_selection_expression": "",
            "target": "integrations/y1eqfhu"
          },
          "sensitive_attributes": [],
          "identity_schema_version": 0,
          "private": "bnVsbA==",
          "dependencies": [
            "module.api.aws_apigatewayv2_api.main",
            "module.api.aws_apigatewayv2_authorizer.cognito",
            "module.api.aws_apigatewayv2_integration.manage_overrides",
            "module.auth.aws_cognito_user_pool.main",
            "module.auth.aws_cognito_user_pool_client.web",
            "module.auth.aws_cognito_user_pool_domain.main",
            "module.frontend.aws_cloudfront_distribution.frontend",
            "module.frontend.aws_s3_bucket.frontend",
            "module.frontend.aws_s3_bucket_policy.frontend",
            "module.frontend.aws_s3_bucket_public_access_block.frontend",
            "module.lambda.aws_iam_role.lambda_role",
            "module.lambda.aws_iam_role_policy.lambda_dynamodb",
            "module.lambda.aws_iam_role_policy.lambda_sns",
            "module.lambda.aws_iam_role_policy_attachment.lambda_cloudwatch",
            "module.lambda.aws_iam_role_policy_attachment.lambda_logs",
            "module.lambda.aws_lambda_function.get_fasting",
            "module.lambda.aws_lambda_function.get_health",
            "module.lambda.aws_lambda_function.get_status",
            "module.lambda.aws_lambda_function.manage_overrides",
            "module.lambda.aws_lambda_function.reminder",
            "module.storage.aws_dynamodb_table.fasting_overrides",
            "module.storage.aws_dynamodb_table.fasting_records",
            "module.storage.aws_dynamodb_table.health_snapshots",
            "module.storage.aws_dynamodb_table.notification_recipients",
            "module.storage.aws_dynamodb_table.reminder_log",
            "module.storage.aws_s3_bucket.lambda_storage"
          ]
        }
      ]
    },
    {
      "module": "module.api",
      "mode": "managed",
      "type": "aws_apigatewayv2_route",
      "name": "get_status",
      "provider": "provider[\"registry.terraform.io/hashicorp/aws\"]",
      "instances": [
        {
          "schema_version": 0,
          "attributes": {
            "api_id": "7vdm33gmxh",
            "api_key_required": false,
            "authorization_scopes": [],
            "authorization_type": "NONE",
            "authorizer_id": "",
            "id": "12savfn",
            "model_selection_expression": "",
            "operation_name": "",
            "request_models": {},
            "request_parameter": [],
            "route_key": "GET /status",
            "route_response_selection_expression": "",
            "target": "integrations/4wu79uj"
          },
          "sensitive_attributes": [],
          "identity_schema_version": 0,
          "private": "bnVsbA==",
          "dependencies": [
            "module.api.aws_apigatewayv2_api.main",
            "module.api.aws_apigatewayv2_integration.get_status",
            "module.auth.aws_cognito_user_pool.main",
            "module.auth.aws_cognito_user_pool_client.web",
            "module.auth.aws_cognito_user_pool_domain.main",
            "module.frontend.aws_cloudfront_distribution.frontend",
            "module.frontend.aws_s3_bucket.frontend",
            "module.frontend.aws_s3_bucket_policy.frontend",
            "module.frontend.aws_s3_bucket_public_access_block.frontend",
            "module.lambda.aws_iam_role.lambda_role",
            "module.lambda.aws_iam_role_policy.lambda_dynamodb",
            "module.lambda.aws_iam_role_policy.lambda_sns",
            "module.lambda.aws_iam_role_policy_attachment.lambda_cloudwatch",
            "module.lambda.aws_iam_role_policy_attachment.lambda_logs",
            "module.lambda.aws_lambda_function.get_fasting",
            "module.lambda.aws_lambda_function.get_health",
            "module.lambda.aws_lambda_function.get_status",
            "module.lambda.aws_lambda_function.manage_overrides",
            "module.lambda.aws_lambda_function.reminder",
            "module.storage.aws_dynamodb_table.fasting_overrides",
            "module.storage.aws_dynamodb_table.fasting_records",
            "module.storage.aws_dynamodb_table.health_snapshots",
            "module.storage.aws_dynamodb_table.notification_recipients",
            "module.storage.aws_dynamodb_table.reminder_log",
            "module.storage.aws_s3_bucket.lambda_storage"
          ]
        }
      ]
    },
    {
      "module": "module.api",
      "mode": "managed",
      "type": "aws_apigatewayv2_route",
      "name": "post_overrides",
      "provider": "provider[\"registry.terraform.io/hashicorp/aws\"]",
      "instances": [
        {
          "schema_version": 0,
          "attributes": {
            "api_id": "7vdm33gmxh",
            "api_key_required": false,
            "authorization_scopes": [],
            "authorization_type": "JWT",
            "authorizer_id": "l00smu",
            "id": "pexa72a",
            "model_selection_expression": "",
            "operation_name": "",
            "request_models": {},
            "request_parameter": [],
            "route_key": "POST /overrides",
            "route_response_selection_expression": "",
            "target": "integrations/y1eqfhu"
          },
          "sensitive_attributes": [],
          "identity_schema_version": 0,
          "private": "bnVsbA==",
          "dependencies": [
            "module.api.aws_apigatewayv2_api.main",
            "module.api.aws_apigatewayv2_authorizer.cognito",
            "module.api.aws_apigatewayv2_integration.manage_overrides",
            "module.auth.aws_cognito_user_pool.main",
            "module.auth.aws_cognito_user_pool_client.web",
            "module.auth.aws_cognito_user_pool_domain.main",
            "module.frontend.aws_cloudfront_distribution.frontend",
            "module.frontend.aws_s3_bucket.frontend",
            "module.frontend.aws_s3_bucket_policy.frontend",
            "module.frontend.aws_s3_bucket_public_access_block.frontend",
            "module.lambda.aws_iam_role.lambda_role",
            "module.lambda.aws_iam_role_policy.lambda_dynamodb",
            "module.lambda.aws_iam_role_policy.lambda_sns",
            "module.lambda.aws_iam_role_policy_attachment.lambda_cloudwatch",
            "module.lambda.aws_iam_role_policy_attachment.lambda_logs",
            "module.lambda.aws_lambda_function.get_fasting",
            "module.lambda.aws_lambda_function.get_health",
            "module.lambda.aws_lambda_function.get_status",
            "module.lambda.aws_lambda_function.manage_overrides",
            "module.lambda.aws_lambda_function.reminder",
            "module.storage.aws_dynamodb_table.fasting_overrides",
            "module.storage.aws_dynamodb_table.fasting_records",
            "module.storage.aws_dynamodb_table.health_snapshots",
            "module.storage.aws_dynamodb_table.notification_recipients",
            "module.storage.aws_dynamodb_table.reminder_log",
            "module.storage.aws_s3_bucket.lambda_storage"
          ]
        }
      ]
    },
    {
      "module": "module.api",
      "mode": "managed",
      "type": "aws_apigatewayv2_route",
      "name": "put_overrides",
      "provider": "provider[\"registry.terraform.io/hashicorp/aws\"]",
      "instances": [
        {
          "schema_version": 0,
          "attributes": {
            "api_id": "7vdm33gmxh",
            "api_key_required": false,
            "authorization_scopes": [],
            "authorization_type": "JWT",
            "authorizer_id": "l00smu",
            "id": "k5723x5",
            "model_selection_expression": "",
            "operation_name": "",
            "request_models": {},
            "request_parameter": [],
            "route_key": "PUT /overrides",
            "route_response_selection_expression": "",
            "target": "integrations/y1eqfhu"
          },
          "sensitive_attributes": [],
          "identity_schema_version": 0,
          "private": "bnVsbA==",
          "dependencies": [
            "module.api.aws_apigatewayv2_api.main",
            "module.api.aws_apigatewayv2_authorizer.cognito",
            "module.api.aws_apigatewayv2_integration.manage_overrides",
            "module.auth.aws_cognito_user_pool.main",
            "module.auth.aws_cognito_user_pool_client.web",
            "module.auth.aws_cognito_user_pool_domain.main",
            "module.frontend.aws_cloudfront_distribution.frontend",
            "module.frontend.aws_s3_bucket.frontend",
            "module.frontend.aws_s3_bucket_policy.frontend",
            "module.frontend.aws_s3_bucket_public_access_block.frontend",
            "module.lambda.aws_iam_role.lambda_role",
            "module.lambda.aws_iam_role_policy.lambda_dynamodb",
            "module.lambda.aws_iam_role_policy.lambda_sns",
            "module.lambda.aws_iam_role_policy_attachment.lambda_cloudwatch",
            "module.lambda.aws_iam_role_policy_attachment.lambda_logs",
            "module.lambda.aws_lambda_function.get_fasting",
            "module.lambda.aws_lambda_function.get_health",
            "module.lambda.aws_lambda_function.get_status",
            "module.lambda.aws_lambda_function.manage_overrides",
            "module.lambda.aws_lambda_function.reminder",
            "module.storage.aws_dynamodb_table.fasting_overrides",
            "module.storage.aws_dynamodb_table.fasting_records",
            "module.storage.aws_dynamodb_table.health_snapshots",
            "module.storage.aws_dynamodb_table.notification_recipients",
            "module.storage.aws_dynamodb_table.reminder_log",
            "module.storage.aws_s3_bucket.lambda_storage"
          ]
        }
      ]
    },
    {
      "module": "module.api",
      "mode": "managed",
      "type": "aws_apigatewayv2_stage",
      "name": "prod",
      "provider": "provider[\"registry.terraform.io/hashicorp/aws\"]",
      "instances": [
        {
          "schema_version": 0,
          "attributes": {
            "access_log_settings": [],
            "api_id": "7vdm33gmxh",
            "arn": "arn:aws:apigateway:ca-west-1::/apis/7vdm33gmxh/stages/prod",
            "auto_deploy": true,
            "client_certificate_id": "",
            "default_route_settings": [
              {
                "data_trace_enabled": false,
                "detailed_metrics_enabled": false,
                "logging_level": "",
                "throttling_burst_limit": 0,
                "throttling_rate_limit": 0
              }
            ],
            "deployment_id": "m0oigj",
            "description": "",
            "execution_arn": "arn:aws:execute-api:ca-west-1:845517756474:7vdm33gmxh/prod",
            "id": "prod",
            "invoke_url": "https://7vdm33gmxh.execute-api.ca-west-1.amazonaws.com/prod",
            "name": "prod",
            "route_settings": [],
            "stage_variables": {},
            "tags": {
              "Project": "fasting-tracker"
            },
            "tags_all": {
              "Project": "fasting-tracker"
            }
          },
          "sensitive_attributes": [],
          "identity_schema_version": 0,
          "private": "bnVsbA==",
          "dependencies": [
            "module.api.aws_apigatewayv2_api.main",
            "module.auth.aws_cognito_user_pool.main",
            "module.auth.aws_cognito_user_pool_client.web",
            "module.auth.aws_cognito_user_pool_domain.main",
            "module.frontend.aws_cloudfront_distribution.frontend",
            "module.frontend.aws_s3_bucket.frontend",
            "module.frontend.aws_s3_bucket_policy.frontend",
            "module.frontend.aws_s3_bucket_public_access_block.frontend",
            "module.lambda.aws_iam_role.lambda_role",
            "module.lambda.aws_iam_role_policy.lambda_dynamodb",
            "module.lambda.aws_iam_role_policy.lambda_sns",
            "module.lambda.aws_iam_role_policy_attachment.lambda_cloudwatch",
            "module.lambda.aws_iam_role_policy_attachment.lambda_logs",
            "module.lambda.aws_lambda_function.get_fasting",
            "module.lambda.aws_lambda_function.get_health",
            "module.lambda.aws_lambda_function.get_status",
            "module.lambda.aws_lambda_function.manage_overrides",
            "module.lambda.aws_lambda_function.reminder",
            "module.storage.aws_dynamodb_table.fasting_overrides",
            "module.storage.aws_dynamodb_table.fasting_records",
            "module.storage.aws_dynamodb_table.health_snapshots",
            "module.storage.aws_dynamodb_table.notification_recipients",
            "module.storage.aws_dynamodb_table.reminder_log",
            "module.storage.aws_s3_bucket.lambda_storage"
          ]
        }
      ]
    },
    {
      "module": "module.api",
      "mode": "managed",
      "type": "aws_lambda_permission",
      "name": "api_get_fasting",
      "provider": "provider[\"registry.terraform.io/hashicorp/aws\"]",
      "instances": [
        {
          "schema_version": 0,
          "attributes": {
            "action": "lambda:InvokeFunction",
            "event_source_token": null,
            "function_name": "arn:aws:lambda:ca-west-1:845517756474:function:fasting-tracker-get-fasting",
            "function_url_auth_type": null,
            "id": "AllowAPIGatewayInvoke",
            "principal": "apigateway.amazonaws.com",
            "principal_org_id": null,
            "qualifier": "",
            "source_account": null,
            "source_arn": "arn:aws:execute-api:ca-west-1:845517756474:7vdm33gmxh/*/*",
            "statement_id": "AllowAPIGatewayInvoke",
            "statement_id_prefix": ""
          },
          "sensitive_attributes": [],
          "identity_schema_version": 0,
          "private": "bnVsbA==",
          "dependencies": [
            "module.api.aws_apigatewayv2_api.main",
            "module.auth.aws_cognito_user_pool.main",
            "module.auth.aws_cognito_user_pool_client.web",
            "module.auth.aws_cognito_user_pool_domain.main",
            "module.frontend.aws_cloudfront_distribution.frontend",
            "module.frontend.aws_s3_bucket.frontend",
            "module.frontend.aws_s3_bucket_policy.frontend",
            "module.frontend.aws_s3_bucket_public_access_block.frontend",
            "module.lambda.aws_iam_role.lambda_role",
            "module.lambda.aws_iam_role_policy.lambda_dynamodb",
            "module.lambda.aws_iam_role_policy.lambda_sns",
            "module.lambda.aws_iam_role_policy_attachment.lambda_cloudwatch",
            "module.lambda.aws_iam_role_policy_attachment.lambda_logs",
            "module.lambda.aws_lambda_function.get_fasting",
            "module.lambda.aws_lambda_function.get_health",
            "module.lambda.aws_lambda_function.get_status",
            "module.lambda.aws_lambda_function.manage_overrides",
            "module.lambda.aws_lambda_function.reminder",
            "module.storage.aws_dynamodb_table.fasting_overrides",
            "module.storage.aws_dynamodb_table.fasting_records",
            "module.storage.aws_dynamodb_table.health_snapshots",
            "module.storage.aws_dynamodb_table.notification_recipients",
            "module.storage.aws_dynamodb_table.reminder_log",
            "module.storage.aws_s3_bucket.lambda_storage"
          ]
        }
      ]
    },
    {
      "module": "module.api",
      "mode": "managed",
      "type": "aws_lambda_permission",
      "name": "api_get_health",
      "provider": "provider[\"registry.terraform.io/hashicorp/aws\"]",
      "instances": [
        {
          "schema_version": 0,
          "attributes": {
            "action": "lambda:InvokeFunction",
            "event_source_token": null,
            "function_name": "arn:aws:lambda:ca-west-1:845517756474:function:fasting-tracker-get-health",
            "function_url_auth_type": null,
            "id": "AllowAPIGatewayInvoke",
            "principal": "apigateway.amazonaws.com",
            "principal_org_id": null,
            "qualifier": "",
            "source_account": null,
            "source_arn": "arn:aws:execute-api:ca-west-1:845517756474:7vdm33gmxh/*/*",
            "statement_id": "AllowAPIGatewayInvoke",
            "statement_id_prefix": ""
          },
          "sensitive_attributes": [],
          "identity_schema_version": 0,
          "private": "bnVsbA==",
          "dependencies": [
            "module.api.aws_apigatewayv2_api.main",
            "module.auth.aws_cognito_user_pool.main",
            "module.auth.aws_cognito_user_pool_client.web",
            "module.auth.aws_cognito_user_pool_domain.main",
            "module.frontend.aws_cloudfront_distribution.frontend",
            "module.frontend.aws_s3_bucket.frontend",
            "module.frontend.aws_s3_bucket_policy.frontend",
            "module.frontend.aws_s3_bucket_public_access_block.frontend",
            "module.lambda.aws_iam_role.lambda_role",
            "module.lambda.aws_iam_role_policy.lambda_dynamodb",
            "module.lambda.aws_iam_role_policy.lambda_sns",
            "module.lambda.aws_iam_role_policy_attachment.lambda_cloudwatch",
            "module.lambda.aws_iam_role_policy_attachment.lambda_logs",
            "module.lambda.aws_lambda_function.get_fasting",
            "module.lambda.aws_lambda_function.get_health",
            "module.lambda.aws_lambda_function.get_status",
            "module.lambda.aws_lambda_function.manage_overrides",
            "module.lambda.aws_lambda_function.reminder",
            "module.storage.aws_dynamodb_table.fasting_overrides",
            "module.storage.aws_dynamodb_table.fasting_records",
            "module.storage.aws_dynamodb_table.health_snapshots",
            "module.storage.aws_dynamodb_table.notification_recipients",
            "module.storage.aws_dynamodb_table.reminder_log",
            "module.storage.aws_s3_bucket.lambda_storage"
          ]
        }
      ]
    },
    {
      "module": "module.api",
      "mode": "managed",
      "type": "aws_lambda_permission",
      "name": "api_get_status",
      "provider": "provider[\"registry.terraform.io/hashicorp/aws\"]",
      "instances": [
        {
          "schema_version": 0,
          "attributes": {
            "action": "lambda:InvokeFunction",
            "event_source_token": null,
            "function_name": "arn:aws:lambda:ca-west-1:845517756474:function:fasting-tracker-get-status",
            "function_url_auth_type": null,
            "id": "AllowAPIGatewayInvokeStatus",
            "principal": "apigateway.amazonaws.com",
            "principal_org_id": null,
            "qualifier": "",
            "source_account": null,
            "source_arn": "arn:aws:execute-api:ca-west-1:845517756474:7vdm33gmxh/*/*",
            "statement_id": "AllowAPIGatewayInvokeStatus",
            "statement_id_prefix": ""
          },
          "sensitive_attributes": [],
          "identity_schema_version": 0,
          "private": "bnVsbA==",
          "dependencies": [
            "module.api.aws_apigatewayv2_api.main",
            "module.auth.aws_cognito_user_pool.main",
            "module.auth.aws_cognito_user_pool_client.web",
            "module.auth.aws_cognito_user_pool_domain.main",
            "module.frontend.aws_cloudfront_distribution.frontend",
            "module.frontend.aws_s3_bucket.frontend",
            "module.frontend.aws_s3_bucket_policy.frontend",
            "module.frontend.aws_s3_bucket_public_access_block.frontend",
            "module.lambda.aws_iam_role.lambda_role",
            "module.lambda.aws_iam_role_policy.lambda_dynamodb",
            "module.lambda.aws_iam_role_policy.lambda_sns",
            "module.lambda.aws_iam_role_policy_attachment.lambda_cloudwatch",
            "module.lambda.aws_iam_role_policy_attachment.lambda_logs",
            "module.lambda.aws_lambda_function.get_fasting",
            "module.lambda.aws_lambda_function.get_health",
            "module.lambda.aws_lambda_function.get_status",
            "module.lambda.aws_lambda_function.manage_overrides",
            "module.lambda.aws_lambda_function.reminder",
            "module.storage.aws_dynamodb_table.fasting_overrides",
            "module.storage.aws_dynamodb_table.fasting_records",
            "module.storage.aws_dynamodb_table.health_snapshots",
            "module.storage.aws_dynamodb_table.notification_recipients",
            "module.storage.aws_dynamodb_table.reminder_log",
            "module.storage.aws_s3_bucket.lambda_storage"
          ]
        }
      ]
    },
    {
      "module": "module.api",
      "mode": "managed",
      "type": "aws_lambda_permission",
      "name": "api_manage_overrides",
      "provider": "provider[\"registry.terraform.io/hashicorp/aws\"]",
      "instances": [
        {
          "schema_version": 0,
          "attributes": {
            "action": "lambda:InvokeFunction",
            "event_source_token": null,
            "function_name": "arn:aws:lambda:ca-west-1:845517756474:function:fasting-tracker-manage-overrides",
            "function_url_auth_type": null,
            "id": "AllowAPIGatewayInvoke",
            "principal": "apigateway.amazonaws.com",
            "principal_org_id": null,
            "qualifier": "",
            "source_account": null,
            "source_arn": "arn:aws:execute-api:ca-west-1:845517756474:7vdm33gmxh/*/*",
            "statement_id": "AllowAPIGatewayInvoke",
            "statement_id_prefix": ""
          },
          "sensitive_attributes": [],
          "identity_schema_version": 0,
          "private": "bnVsbA==",
          "dependencies": [
            "module.api.aws_apigatewayv2_api.main",
            "module.auth.aws_cognito_user_pool.main",
            "module.auth.aws_cognito_user_pool_client.web",
            "module.auth.aws_cognito_user_pool_domain.main",
            "module.frontend.aws_cloudfront_distribution.frontend",
            "module.frontend.aws_s3_bucket.frontend",
            "module.frontend.aws_s3_bucket_policy.frontend",
            "module.frontend.aws_s3_bucket_public_access_block.frontend",
            "module.lambda.aws_iam_role.lambda_role",
            "module.lambda.aws_iam_role_policy.lambda_dynamodb",
            "module.lambda.aws_iam_role_policy.lambda_sns",
            "module.lambda.aws_iam_role_policy_attachment.lambda_cloudwatch",
            "module.lambda.aws_iam_role_policy_attachment.lambda_logs",
            "module.lambda.aws_lambda_function.get_fasting",
            "module.lambda.aws_lambda_function.get_health",
            "module.lambda.aws_lambda_function.get_status",
            "module.lambda.aws_lambda_function.manage_overrides",
            "module.lambda.aws_lambda_function.reminder",
            "module.storage.aws_dynamodb_table.fasting_overrides",
            "module.storage.aws_dynamodb_table.fasting_records",
            "module.storage.aws_dynamodb_table.health_snapshots",
            "module.storage.aws_dynamodb_table.notification_recipients",
            "module.storage.aws_dynamodb_table.reminder_log",
            "module.storage.aws_s3_bucket.lambda_storage"
          ]
        }
      ]
    },
    {
      "module": "module.auth",
      "mode": "managed",
      "type": "aws_cognito_user_pool",
      "name": "main",
      "provider": "provider[\"registry.terraform.io/hashicorp/aws\"]",
      "instances": [
        {
          "schema_version": 0,
          "attributes": {
            "account_recovery_setting": [
              {
                "recovery_mechanism": [
                  {
                    "name": "verified_email",
                    "priority": 1
                  },
                  {
                    "name": "verified_phone_number",
                    "priority": 2
                  }
                ]
              }
            ],
            "admin_create_user_config": [
              {
                "allow_admin_create_user_only": true,
                "invite_message_template": []
              }
            ],
            "alias_attributes": null,
            "arn": "arn:aws:cognito-idp:ca-west-1:845517756474:userpool/ca-west-1_s938OjSzp",
            "auto_verified_attributes": [
              "email"
            ],
            "creation_date": "2026-04-30T18:12:25Z",
            "custom_domain": "",
            "deletion_protection": "ACTIVE",
            "device_configuration": [],
            "domain": "ca-west-1s938ojszp",
            "email_configuration": [
              {
                "configuration_set": "",
                "email_sending_account": "COGNITO_DEFAULT",
                "from_email_address": "",
                "reply_to_email_address": "",
                "source_arn": ""
              }
            ],
            "email_mfa_configuration": [],
            "email_verification_message": "",
            "email_verification_subject": "",
            "endpoint": "cognito-idp.ca-west-1.amazonaws.com/ca-west-1_s938OjSzp",
            "estimated_number_of_users": 1,
            "id": "ca-west-1_s938OjSzp",
            "lambda_config": [],
            "last_modified_date": "2026-04-30T18:12:25Z",
            "mfa_configuration": "OFF",
            "name": "User pool - z1ftli",
            "password_policy": [
              {
                "minimum_length": 8,
                "password_history_size": 0,
                "require_lowercase": true,
                "require_numbers": true,
                "require_symbols": true,
                "require_uppercase": true,
                "temporary_password_validity_days": 7
              }
            ],
            "schema": [],
            "sign_in_policy": [
              {
                "allowed_first_auth_factors": [
                  "PASSWORD"
                ]
              }
            ],
            "sms_authentication_message": "",
            "sms_configuration": [],
            "sms_verification_message": "",
            "software_token_mfa_configuration": [],
            "tags": {
              "Project": "fasting-tracker"
            },
            "tags_all": {
              "Project": "fasting-tracker"
            },
            "user_attribute_update_settings": [],
            "user_pool_add_ons": [],
            "user_pool_tier": "ESSENTIALS",
            "username_attributes": [
              "email"
            ],
            "username_configuration": [
              {
                "case_sensitive": false
              }
            ],
            "verification_message_template": [
              {
                "default_email_option": "CONFIRM_WITH_CODE",
                "email_message": "",
                "email_message_by_link": "",
                "email_subject": "",
                "email_subject_by_link": "",
                "sms_message": ""
              }
            ],
            "web_authn_configuration": []
          },
          "sensitive_attributes": [],
          "identity_schema_version": 0,
          "private": "bnVsbA==",
          "dependencies": [
            "module.frontend.aws_cloudfront_distribution.frontend",
            "module.frontend.aws_s3_bucket.frontend",
            "module.frontend.aws_s3_bucket_policy.frontend",
            "module.frontend.aws_s3_bucket_public_access_block.frontend"
          ]
        }
      ]
    },
    {
      "module": "module.auth",
      "mode": "managed",
      "type": "aws_cognito_user_pool_client",
      "name": "web",
      "provider": "provider[\"registry.terraform.io/hashicorp/aws\"]",
      "instances": [
        {
          "schema_version": 0,
          "attributes": {
            "access_token_validity": 0,
            "allowed_oauth_flows": [
              "code"
            ],
            "allowed_oauth_flows_user_pool_client": true,
            "allowed_oauth_scopes": [
              "email",
              "openid",
              "profile"
            ],
            "analytics_configuration": [],
            "auth_session_validity": 3,
            "callback_urls": [
              "http://localhost:5173",
              "https://d225kyvnm52aug.cloudfront.net"
            ],
            "client_secret": "",
            "default_redirect_uri": "",
            "enable_propagate_additional_user_context_data": false,
            "enable_token_revocation": true,
            "explicit_auth_flows": [
              "ALLOW_REFRESH_TOKEN_AUTH",
              "ALLOW_USER_PASSWORD_AUTH",
              "ALLOW_USER_SRP_AUTH"
            ],
            "generate_secret": false,
            "id": "77s4p5p4p8dr0gq1s1ubjq3f0j",
            "id_token_validity": 0,
            "logout_urls": [
              "http://localhost:5173",
              "https://d225kyvnm52aug.cloudfront.net"
            ],
            "name": "fasting-tracker-web",
            "prevent_user_existence_errors": "ENABLED",
            "read_attributes": [],
            "refresh_token_rotation": [],
            "refresh_token_validity": 30,
            "supported_identity_providers": [
              "COGNITO"
            ],
            "token_validity_units": [],
            "user_pool_id": "ca-west-1_s938OjSzp",
            "write_attributes": []
          },
          "sensitive_attributes": [
            [
              {
                "type": "get_attr",
                "value": "client_secret"
              }
            ]
          ],
          "identity_schema_version": 0,
          "dependencies": [
            "module.auth.aws_cognito_user_pool.main",
            "module.frontend.aws_cloudfront_distribution.frontend",
            "module.frontend.aws_s3_bucket.frontend",
            "module.frontend.aws_s3_bucket_policy.frontend",
            "module.frontend.aws_s3_bucket_public_access_block.frontend"
          ]
        }
      ]
    },
    {
      "module": "module.auth",
      "mode": "managed",
      "type": "aws_cognito_user_pool_domain",
      "name": "main",
      "provider": "provider[\"registry.terraform.io/hashicorp/aws\"]",
      "instances": [
        {
          "schema_version": 0,
          "attributes": {
            "aws_account_id": "845517756474",
            "certificate_arn": "",
            "cloudfront_distribution": "dmfyzn71uv18i.cloudfront.net",
            "cloudfront_distribution_arn": "dmfyzn71uv18i.cloudfront.net",
            "cloudfront_distribution_zone_id": "Z2FDTNDATAQYW2",
            "domain": "ca-west-1s938ojszp",
            "id": "ca-west-1s938ojszp",
            "managed_login_version": 2,
            "s3_bucket": "aws-cognito-prod-yyc-assets",
            "user_pool_id": "ca-west-1_s938OjSzp",
            "version": "20260430181226"
          },
          "sensitive_attributes": [],
          "identity_schema_version": 0,
          "private": "eyJzY2hlbWFfdmVyc2lvbiI6IjAifQ==",
          "dependencies": [
            "module.auth.aws_cognito_user_pool.main",
            "module.frontend.aws_cloudfront_distribution.frontend",
            "module.frontend.aws_s3_bucket.frontend",
            "module.frontend.aws_s3_bucket_policy.frontend",
            "module.frontend.aws_s3_bucket_public_access_block.frontend"
          ]
        }
      ]
    },
    {
      "module": "module.frontend",
      "mode": "managed",
      "type": "aws_cloudfront_distribution",
      "name": "frontend",
      "provider": "provider[\"registry.terraform.io/hashicorp/aws\"]",
      "instances": [
        {
          "schema_version": 1,
          "attributes": {
            "aliases": [],
            "arn": "arn:aws:cloudfront::845517756474:distribution/EB3M9H9U2HHW1",
            "caller_reference": "229e2b6a-a5cf-419a-9672-503192ecbe5b",
            "comment": "fasting-tracker dashboard",
            "continuous_deployment_policy_id": "",
            "custom_error_response": [
              {
                "error_caching_min_ttl": 0,
                "error_code": 403,
                "response_code": 200,
                "response_page_path": "/index.html"
              },
              {
                "error_caching_min_ttl": 0,
                "error_code": 404,
                "response_code": 200,
                "response_page_path": "/index.html"
              }
            ],
            "default_cache_behavior": [
              {
                "allowed_methods": [
                  "GET",
                  "HEAD"
                ],
                "cache_policy_id": "658327ea-f89d-4fab-a63d-7e88639e58f6",
                "cached_methods": [
                  "GET",
                  "HEAD"
                ],
                "compress": true,
                "default_ttl": 0,
                "field_level_encryption_id": "",
                "forwarded_values": [],
                "function_association": [],
                "grpc_config": [
                  {
                    "enabled": false
                  }
                ],
                "lambda_function_association": [],
                "max_ttl": 0,
                "min_ttl": 0,
                "origin_request_policy_id": "",
                "realtime_log_config_arn": "",
                "response_headers_policy_id": "",
                "smooth_streaming": false,
                "target_origin_id": "fasting-tracker-frontend.s3.ca-west-1.amazonaws.com-moltapi65rf",
                "trusted_key_groups": [],
                "trusted_signers": [],
                "viewer_protocol_policy": "redirect-to-https"
              }
            ],
            "default_root_object": "index.html",
            "domain_name": "d225kyvnm52aug.cloudfront.net",
            "enabled": true,
            "etag": "E1PA6795UKMFR9",
            "hosted_zone_id": "Z2FDTNDATAQYW2",
            "http_version": "http2and3",
            "id": "EB3M9H9U2HHW1",
            "in_progress_validation_batches": 0,
            "is_ipv6_enabled": true,
            "last_modified_time": "2026-05-01 00:24:16.179 +0000 UTC",
            "logging_config": [],
            "ordered_cache_behavior": [],
            "origin": [
              {
                "connection_attempts": 3,
                "connection_timeout": 10,
                "custom_header": [],
                "custom_origin_config": [],
                "domain_name": "fasting-tracker-frontend.s3.ca-west-1.amazonaws.com",
                "origin_access_control_id": "E1Z47RSE0PGW9Z",
                "origin_id": "fasting-tracker-frontend.s3.ca-west-1.amazonaws.com-moltapi65rf",
                "origin_path": "",
                "origin_shield": [],
                "s3_origin_config": [],
                "vpc_origin_config": []
              }
            ],
            "origin_group": [],
            "price_class": "PriceClass_All",
            "restrictions": [
              {
                "geo_restriction": [
                  {
                    "locations": [],
                    "restriction_type": "none"
                  }
                ]
              }
            ],
            "retain_on_delete": false,
            "staging": false,
            "status": "Deployed",
            "tags": {
              "Project": "fasting-tracker"
            },
            "tags_all": {
              "Project": "fasting-tracker"
            },
            "trusted_key_groups": [
              {
                "enabled": false,
                "items": []
              }
            ],
            "trusted_signers": [
              {
                "enabled": false,
                "items": []
              }
            ],
            "viewer_certificate": [
              {
                "acm_certificate_arn": "",
                "cloudfront_default_certificate": true,
                "iam_certificate_id": "",
                "minimum_protocol_version": "TLSv1",
                "ssl_support_method": ""
              }
            ],
            "wait_for_deployment": true,
            "web_acl_id": "arn:aws:wafv2:us-east-1:845517756474:global/webacl/CreatedByCloudFront-fef1878f/327ef132-c18b-4397-b414-f83f1941cfb8"
          },
          "sensitive_attributes": [],
          "identity_schema_version": 0,
          "private": "eyJzY2hlbWFfdmVyc2lvbiI6IjEifQ==",
          "dependencies": [
            "module.frontend.aws_s3_bucket.frontend"
          ]
        }
      ]
    },
    {
      "module": "module.frontend",
      "mode": "managed",
      "type": "aws_s3_bucket",
      "name": "frontend",
      "provider": "provider[\"registry.terraform.io/hashicorp/aws\"]",
      "instances": [
        {
          "schema_version": 0,
          "attributes": {
            "acceleration_status": "",
            "acl": null,
            "arn": "arn:aws:s3:::fasting-tracker-frontend",
            "bucket": "fasting-tracker-frontend",
            "bucket_domain_name": "fasting-tracker-frontend.s3.amazonaws.com",
            "bucket_prefix": "",
            "bucket_regional_domain_name": "fasting-tracker-frontend.s3.ca-west-1.amazonaws.com",
            "cors_rule": [],
            "force_destroy": false,
            "grant": [
              {
                "id": "2344a27b91d4a089d79e25177ce2fc956c5c3f3eb58fb5f0cde4e6c23b019fec",
                "permissions": [
                  "FULL_CONTROL"
                ],
                "type": "CanonicalUser",
                "uri": ""
              }
            ],
            "hosted_zone_id": "Z03565811Z33SLEZTHOUL",
            "id": "fasting-tracker-frontend",
            "lifecycle_rule": [],
            "logging": [],
            "object_lock_configuration": [],
            "object_lock_enabled": false,
            "policy": "{\"Statement\":[{\"Action\":\"s3:GetObject\",\"Condition\":{\"StringEquals\":{\"AWS:SourceArn\":\"arn:aws:cloudfront::845517756474:distribution/EB3M9H9U2HHW1\"}},\"Effect\":\"Allow\",\"Principal\":{\"Service\":\"cloudfront.amazonaws.com\"},\"Resource\":\"arn:aws:s3:::fasting-tracker-frontend/*\",\"Sid\":\"AllowCloudFrontAccess\"}],\"Version\":\"2012-10-17\"}",
            "region": "ca-west-1",
            "replication_configuration": [],
            "request_payer": "BucketOwner",
            "server_side_encryption_configuration": [
              {
                "rule": [
                  {
                    "apply_server_side_encryption_by_default": [
                      {
                        "kms_master_key_id": "",
                        "sse_algorithm": "AES256"
                      }
                    ],
                    "bucket_key_enabled": true
                  }
                ]
              }
            ],
            "tags": {
              "Project": "fasting-tracker"
            },
            "tags_all": {
              "Project": "fasting-tracker"
            },
            "timeouts": null,
            "versioning": [
              {
                "enabled": false,
                "mfa_delete": false
              }
            ],
            "website": [],
            "website_domain": null,
            "website_endpoint": null
          },
          "sensitive_attributes": [],
          "identity_schema_version": 0,
          "private": "eyJlMmJmYjczMC1lY2FhLTExZTYtOGY4OC0zNDM2M2JjN2M0YzAiOnsiY3JlYXRlIjoxMjAwMDAwMDAwMDAwLCJkZWxldGUiOjM2MDAwMDAwMDAwMDAsInJlYWQiOjEyMDAwMDAwMDAwMDAsInVwZGF0ZSI6MTIwMDAwMDAwMDAwMH19"
        }
      ]
    },
    {
      "module": "module.frontend",
      "mode": "managed",
      "type": "aws_s3_bucket_policy",
      "name": "frontend",
      "provider": "provider[\"registry.terraform.io/hashicorp/aws\"]",
      "instances": [
        {
          "schema_version": 0,
          "attributes": {
            "bucket": "fasting-tracker-frontend",
            "id": "fasting-tracker-frontend",
            "policy": "{\"Statement\":[{\"Action\":\"s3:GetObject\",\"Condition\":{\"StringEquals\":{\"AWS:SourceArn\":\"arn:aws:cloudfront::845517756474:distribution/EB3M9H9U2HHW1\"}},\"Effect\":\"Allow\",\"Principal\":{\"Service\":\"cloudfront.amazonaws.com\"},\"Resource\":\"arn:aws:s3:::fasting-tracker-frontend/*\",\"Sid\":\"AllowCloudFrontAccess\"}],\"Version\":\"2012-10-17\"}"
          },
          "sensitive_attributes": [],
          "identity_schema_version": 0,
          "private": "bnVsbA==",
          "dependencies": [
            "module.frontend.aws_cloudfront_distribution.frontend",
            "module.frontend.aws_s3_bucket.frontend"
          ]
        }
      ]
    },
    {
      "module": "module.frontend",
      "mode": "managed",
      "type": "aws_s3_bucket_public_access_block",
      "name": "frontend",
      "provider": "provider[\"registry.terraform.io/hashicorp/aws\"]",
      "instances": [
        {
          "schema_version": 0,
          "attributes": {
            "block_public_acls": true,
            "block_public_policy": true,
            "bucket": "fasting-tracker-frontend",
            "id": "fasting-tracker-frontend",
            "ignore_public_acls": true,
            "restrict_public_buckets": true
          },
          "sensitive_attributes": [],
          "identity_schema_version": 0,
          "private": "bnVsbA==",
          "dependencies": [
            "module.frontend.aws_s3_bucket.frontend"
          ]
        }
      ]
    },
    {
      "module": "module.lambda",
      "mode": "managed",
      "type": "aws_iam_role",
      "name": "lambda_role",
      "provider": "provider[\"registry.terraform.io/hashicorp/aws\"]",
      "instances": [
        {
          "schema_version": 0,
          "attributes": {
            "arn": "arn:aws:iam::845517756474:role/fasting-tracker-lambda-role",
            "assume_role_policy": "{\"Statement\":[{\"Action\":\"sts:AssumeRole\",\"Effect\":\"Allow\",\"Principal\":{\"Service\":\"lambda.amazonaws.com\"}}],\"Version\":\"2012-10-17\"}",
            "create_date": "2026-04-18T00:35:07Z",
            "description": "",
            "force_detach_policies": false,
            "id": "fasting-tracker-lambda-role",
            "inline_policy": [
              {
                "name": "fasting-tracker-dynamodb-policy",
                "policy": "{\"Version\":\"2012-10-17\",\"Statement\":[{\"Action\":[\"dynamodb:GetItem\",\"dynamodb:PutItem\",\"dynamodb:UpdateItem\",\"dynamodb:DeleteItem\",\"dynamodb:Query\",\"dynamodb:Scan\",\"dynamodb:BatchWriteItem\"],\"Effect\":\"Allow\",\"Resource\":[\"arn:aws:dynamodb:ca-west-1:845517756474:table/fasting-records\",\"arn:aws:dynamodb:ca-west-1:845517756474:table/fasting-overrides\",\"arn:aws:dynamodb:ca-west-1:845517756474:table/reminder-log\"],\"Sid\":\"FastingOverridesReminderAccess\"},{\"Action\":[\"dynamodb:GetItem\",\"dynamodb:PutItem\",\"dynamodb:Query\",\"dynamodb:Scan\",\"dynamodb:BatchWriteItem\"],\"Effect\":\"Allow\",\"Resource\":[\"arn:aws:dynamodb:ca-west-1:845517756474:table/health-snapshots\"],\"Sid\":\"HealthSnapshotsAccess\"}]}"
              },
              {
                "name": "fasting-tracker-sns-policy",
                "policy": "{\"Version\":\"2012-10-17\",\"Statement\":[{\"Action\":[\"sns:Publish\"],\"Effect\":\"Allow\",\"Resource\":\"*\",\"Sid\":\"SNSPublishOnly\"}]}"
              }
            ],
            "managed_policy_arns": [
              "arn:aws:iam::aws:policy/CloudWatchLogsFullAccess",
              "arn:aws:iam::aws:policy/CloudWatchLogsReadOnlyAccess",
              "arn:aws:iam::aws:policy/service-role/AWSLambdaBasicExecutionRole"
            ],
            "max_session_duration": 3600,
            "name": "fasting-tracker-lambda-role",
            "name_prefix": "",
            "path": "/",
            "permissions_boundary": "",
            "tags": {
              "Project": "fasting-tracker"
            },
            "tags_all": {
              "Project": "fasting-tracker"
            },
            "unique_id": "AROA4JXGJDA5G3PZB5SIX"
          },
          "sensitive_attributes": [],
          "identity_schema_version": 0,
          "private": "bnVsbA==",
          "dependencies": [
            "module.storage.aws_dynamodb_table.fasting_overrides",
            "module.storage.aws_dynamodb_table.fasting_records",
            "module.storage.aws_dynamodb_table.health_snapshots",
            "module.storage.aws_dynamodb_table.notification_recipients",
            "module.storage.aws_dynamodb_table.reminder_log",
            "module.storage.aws_s3_bucket.lambda_storage"
          ]
        }
      ]
    },
    {
      "module": "module.lambda",
      "mode": "managed",
      "type": "aws_iam_role_policy",
      "name": "lambda_dynamodb",
      "provider": "provider[\"registry.terraform.io/hashicorp/aws\"]",
      "instances": [
        {
          "schema_version": 0,
          "attributes": {
            "id": "fasting-tracker-lambda-role:fasting-tracker-dynamodb-policy",
            "name": "fasting-tracker-dynamodb-policy",
            "name_prefix": "",
            "policy": "{\"Version\":\"2012-10-17\",\"Statement\":[{\"Action\":[\"dynamodb:GetItem\",\"dynamodb:PutItem\",\"dynamodb:UpdateItem\",\"dynamodb:DeleteItem\",\"dynamodb:Query\",\"dynamodb:Scan\",\"dynamodb:BatchWriteItem\"],\"Effect\":\"Allow\",\"Resource\":[\"arn:aws:dynamodb:ca-west-1:845517756474:table/fasting-records\",\"arn:aws:dynamodb:ca-west-1:845517756474:table/fasting-overrides\",\"arn:aws:dynamodb:ca-west-1:845517756474:table/reminder-log\",\"arn:aws:dynamodb:ca-west-1:845517756474:table/notification-recipients\"],\"Sid\":\"FastingOverridesReminderAccess\"},{\"Action\":[\"dynamodb:GetItem\",\"dynamodb:PutItem\",\"dynamodb:Query\",\"dynamodb:Scan\",\"dynamodb:BatchWriteItem\"],\"Effect\":\"Allow\",\"Resource\":[\"arn:aws:dynamodb:ca-west-1:845517756474:table/health-snapshots\"],\"Sid\":\"HealthSnapshotsAccess\"}]}",
            "role": "fasting-tracker-lambda-role"
          },
          "sensitive_attributes": [],
          "identity_schema_version": 0,
          "private": "bnVsbA==",
          "dependencies": [
            "module.lambda.aws_iam_role.lambda_role",
            "module.storage.aws_dynamodb_table.fasting_overrides",
            "module.storage.aws_dynamodb_table.fasting_records",
            "module.storage.aws_dynamodb_table.health_snapshots",
            "module.storage.aws_dynamodb_table.notification_recipients",
            "module.storage.aws_dynamodb_table.reminder_log",
            "module.storage.aws_s3_bucket.lambda_storage"
          ]
        }
      ]
    },
    {
      "module": "module.lambda",
      "mode": "managed",
      "type": "aws_iam_role_policy",
      "name": "lambda_sns",
      "provider": "provider[\"registry.terraform.io/hashicorp/aws\"]",
      "instances": [
        {
          "schema_version": 0,
          "attributes": {
            "id": "fasting-tracker-lambda-role:fasting-tracker-sns-policy",
            "name": "fasting-tracker-sns-policy",
            "name_prefix": "",
            "policy": "{\"Version\":\"2012-10-17\",\"Statement\":[{\"Action\":[\"sns:Publish\"],\"Effect\":\"Allow\",\"Resource\":\"*\",\"Sid\":\"SNSPublishOnly\"}]}",
            "role": "fasting-tracker-lambda-role"
          },
          "sensitive_attributes": [],
          "identity_schema_version": 0,
          "private": "bnVsbA==",
          "dependencies": [
            "module.lambda.aws_iam_role.lambda_role",
            "module.storage.aws_dynamodb_table.fasting_overrides",
            "module.storage.aws_dynamodb_table.fasting_records",
            "module.storage.aws_dynamodb_table.health_snapshots",
            "module.storage.aws_dynamodb_table.notification_recipients",
            "module.storage.aws_dynamodb_table.reminder_log",
            "module.storage.aws_s3_bucket.lambda_storage"
          ]
        }
      ]
    },
    {
      "module": "module.lambda",
      "mode": "managed",
      "type": "aws_iam_role_policy_attachment",
      "name": "lambda_cloudwatch",
      "provider": "provider[\"registry.terraform.io/hashicorp/aws\"]",
      "instances": [
        {
          "schema_version": 0,
          "attributes": {
            "id": "fasting-tracker-lambda-role-20260501014208849500000001",
            "policy_arn": "arn:aws:iam::aws:policy/CloudWatchLogsReadOnlyAccess",
            "role": "fasting-tracker-lambda-role"
          },
          "sensitive_attributes": [],
          "identity_schema_version": 0,
          "private": "bnVsbA==",
          "dependencies": [
            "module.lambda.aws_iam_role.lambda_role",
            "module.storage.aws_dynamodb_table.fasting_overrides",
            "module.storage.aws_dynamodb_table.fasting_records",
            "module.storage.aws_dynamodb_table.health_snapshots",
            "module.storage.aws_dynamodb_table.notification_recipients",
            "module.storage.aws_dynamodb_table.reminder_log",
            "module.storage.aws_s3_bucket.lambda_storage"
          ]
        }
      ]
    },
    {
      "module": "module.lambda",
      "mode": "managed",
      "type": "aws_iam_role_policy_attachment",
      "name": "lambda_logs",
      "provider": "provider[\"registry.terraform.io/hashicorp/aws\"]",
      "instances": [
        {
          "schema_version": 0,
          "attributes": {
            "id": "fasting-tracker-lambda-role-20260501002633878100000001",
            "policy_arn": "arn:aws:iam::aws:policy/service-role/AWSLambdaBasicExecutionRole",
            "role": "fasting-tracker-lambda-role"
          },
          "sensitive_attributes": [],
          "identity_schema_version": 0,
          "private": "bnVsbA==",
          "dependencies": [
            "module.lambda.aws_iam_role.lambda_role",
            "module.storage.aws_dynamodb_table.fasting_overrides",
            "module.storage.aws_dynamodb_table.fasting_records",
            "module.storage.aws_dynamodb_table.health_snapshots",
            "module.storage.aws_dynamodb_table.notification_recipients",
            "module.storage.aws_dynamodb_table.reminder_log",
            "module.storage.aws_s3_bucket.lambda_storage"
          ]
        }
      ]
    },
    {
      "module": "module.lambda",
      "mode": "managed",
      "type": "aws_lambda_function",
      "name": "get_fasting",
      "provider": "provider[\"registry.terraform.io/hashicorp/aws\"]",
      "instances": [
        {
          "schema_version": 0,
          "attributes": {
            "architectures": [
              "x86_64"
            ],
            "arn": "arn:aws:lambda:ca-west-1:845517756474:function:fasting-tracker-get-fasting",
            "code_sha256": "WOS0cTXANkh63ObD8ztPQZGmwZcfPnxVoREAIjXd0b4=",
            "code_signing_config_arn": null,
            "dead_letter_config": [],
            "description": "",
            "environment": [
              {
                "variables": {
                  "FASTING_TABLE": "fasting-records",
                  "OVERRIDES_TABLE": "fasting-overrides"
                }
              }
            ],
            "ephemeral_storage": [
              {
                "size": 512
              }
            ],
            "file_system_config": [],
            "filename": null,
            "function_name": "fasting-tracker-get-fasting",
            "handler": "lambda_function.handler",
            "id": "fasting-tracker-get-fasting",
            "image_config": [],
            "image_uri": "",
            "invoke_arn": "arn:aws:apigateway:ca-west-1:lambda:path/2015-03-31/functions/arn:aws:lambda:ca-west-1:845517756474:function:fasting-tracker-get-fasting/invocations",
            "kms_key_arn": "",
            "last_modified": "2026-05-01T23:41:29.000+0000",
            "layers": [],
            "logging_config": [
              {
                "application_log_level": "",
                "log_format": "Text",
                "log_group": "/aws/lambda/fasting-tracker-get-fasting",
                "system_log_level": ""
              }
            ],
            "memory_size": 128,
            "package_type": "Zip",
            "publish": false,
            "qualified_arn": "arn:aws:lambda:ca-west-1:845517756474:function:fasting-tracker-get-fasting:$LATEST",
            "qualified_invoke_arn": "arn:aws:apigateway:ca-west-1:lambda:path/2015-03-31/functions/arn:aws:lambda:ca-west-1:845517756474:function:fasting-tracker-get-fasting:$LATEST/invocations",
            "replace_security_groups_on_destroy": null,
            "replacement_security_group_ids": null,
            "reserved_concurrent_executions": -1,
            "role": "arn:aws:iam::845517756474:role/fasting-tracker-lambda-role",
            "runtime": "python3.13",
            "s3_bucket": "fasting-tracker-rayyan",
            "s3_key": "lambda/fasting-tracker-get-fasting.zip",
            "s3_object_version": null,
            "signing_job_arn": "",
            "signing_profile_version_arn": "",
            "skip_destroy": false,
            "snap_start": [],
            "source_code_hash": "",
            "source_code_size": 1524,
            "tags": {
              "Project": "fasting-tracker"
            },
            "tags_all": {
              "Project": "fasting-tracker"
            },
            "timeout": 30,
            "timeouts": null,
            "tracing_config": [
              {
                "mode": "PassThrough"
              }
            ],
            "version": "$LATEST",
            "vpc_config": []
          },
          "sensitive_attributes": [],
          "identity_schema_version": 0,
          "private": "eyJlMmJmYjczMC1lY2FhLTExZTYtOGY4OC0zNDM2M2JjN2M0YzAiOnsiY3JlYXRlIjo2MDAwMDAwMDAwMDAsImRlbGV0ZSI6NjAwMDAwMDAwMDAwLCJ1cGRhdGUiOjYwMDAwMDAwMDAwMH19",
          "dependencies": [
            "module.lambda.aws_iam_role.lambda_role",
            "module.storage.aws_dynamodb_table.fasting_overrides",
            "module.storage.aws_dynamodb_table.fasting_records",
            "module.storage.aws_dynamodb_table.health_snapshots",
            "module.storage.aws_dynamodb_table.notification_recipients",
            "module.storage.aws_dynamodb_table.reminder_log",
            "module.storage.aws_s3_bucket.lambda_storage"
          ]
        }
      ]
    },
    {
      "module": "module.lambda",
      "mode": "managed",
      "type": "aws_lambda_function",
      "name": "get_health",
      "provider": "provider[\"registry.terraform.io/hashicorp/aws\"]",
      "instances": [
        {
          "schema_version": 0,
          "attributes": {
            "architectures": [
              "x86_64"
            ],
            "arn": "arn:aws:lambda:ca-west-1:845517756474:function:fasting-tracker-get-health",
            "code_sha256": "y/IOf9j23gtuXpV92D7wUyNsDCGfS68wzgV/FJHVw24=",
            "code_signing_config_arn": null,
            "dead_letter_config": [],
            "description": "",
            "environment": [
              {
                "variables": {
                  "HEALTH_TABLE": "health-snapshots"
                }
              }
            ],
            "ephemeral_storage": [
              {
                "size": 512
              }
            ],
            "file_system_config": [],
            "filename": null,
            "function_name": "fasting-tracker-get-health",
            "handler": "lambda_function.handler",
            "id": "fasting-tracker-get-health",
            "image_config": [],
            "image_uri": "",
            "invoke_arn": "arn:aws:apigateway:ca-west-1:lambda:path/2015-03-31/functions/arn:aws:lambda:ca-west-1:845517756474:function:fasting-tracker-get-health/invocations",
            "kms_key_arn": "",
            "last_modified": "2026-05-01T23:41:24.000+0000",
            "layers": [],
            "logging_config": [
              {
                "application_log_level": "",
                "log_format": "Text",
                "log_group": "/aws/lambda/fasting-tracker-get-health",
                "system_log_level": ""
              }
            ],
            "memory_size": 128,
            "package_type": "Zip",
            "publish": false,
            "qualified_arn": "arn:aws:lambda:ca-west-1:845517756474:function:fasting-tracker-get-health:$LATEST",
            "qualified_invoke_arn": "arn:aws:apigateway:ca-west-1:lambda:path/2015-03-31/functions/arn:aws:lambda:ca-west-1:845517756474:function:fasting-tracker-get-health:$LATEST/invocations",
            "replace_security_groups_on_destroy": null,
            "replacement_security_group_ids": null,
            "reserved_concurrent_executions": -1,
            "role": "arn:aws:iam::845517756474:role/fasting-tracker-lambda-role",
            "runtime": "python3.13",
            "s3_bucket": "fasting-tracker-rayyan",
            "s3_key": "lambda/fasting-tracker-get-health.zip",
            "s3_object_version": null,
            "signing_job_arn": "",
            "signing_profile_version_arn": "",
            "skip_destroy": false,
            "snap_start": [],
            "source_code_hash": "",
            "source_code_size": 1358,
            "tags": {
              "Project": "fasting-tracker"
            },
            "tags_all": {
              "Project": "fasting-tracker"
            },
            "timeout": 30,
            "timeouts": null,
            "tracing_config": [
              {
                "mode": "PassThrough"
              }
            ],
            "version": "$LATEST",
            "vpc_config": []
          },
          "sensitive_attributes": [],
          "identity_schema_version": 0,
          "private": "eyJlMmJmYjczMC1lY2FhLTExZTYtOGY4OC0zNDM2M2JjN2M0YzAiOnsiY3JlYXRlIjo2MDAwMDAwMDAwMDAsImRlbGV0ZSI6NjAwMDAwMDAwMDAwLCJ1cGRhdGUiOjYwMDAwMDAwMDAwMH19",
          "dependencies": [
            "module.lambda.aws_iam_role.lambda_role",
            "module.storage.aws_dynamodb_table.fasting_overrides",
            "module.storage.aws_dynamodb_table.fasting_records",
            "module.storage.aws_dynamodb_table.health_snapshots",
            "module.storage.aws_dynamodb_table.notification_recipients",
            "module.storage.aws_dynamodb_table.reminder_log",
            "module.storage.aws_s3_bucket.lambda_storage"
          ]
        }
      ]
    },
    {
      "module": "module.lambda",
      "mode": "managed",
      "type": "aws_lambda_function",
      "name": "get_status",
      "provider": "provider[\"registry.terraform.io/hashicorp/aws\"]",
      "instances": [
        {
          "schema_version": 0,
          "attributes": {
            "architectures": [
              "x86_64"
            ],
            "arn": "arn:aws:lambda:ca-west-1:845517756474:function:fasting-tracker-get-status",
            "code_sha256": "YygI4AwRMa3FHoHxZYRGCOq/mtSthEjjpGHpk/gVwyg=",
            "code_signing_config_arn": null,
            "dead_letter_config": [],
            "description": "",
            "environment": [
              {
                "variables": {
                  "FASTING_TABLE": "fasting-records",
                  "HEALTH_TABLE": "health-snapshots",
                  "RECIPIENTS_TABLE": "notification-recipients",
                  "REMINDER_LAMBDA": "fasting-tracker-reminder",
                  "REMINDER_LOG_TABLE": "reminder-log"
                }
              }
            ],
            "ephemeral_storage": [
              {
                "size": 512
              }
            ],
            "file_system_config": [],
            "filename": null,
            "function_name": "fasting-tracker-get-status",
            "handler": "lambda_function.handler",
            "id": "fasting-tracker-get-status",
            "image_config": [],
            "image_uri": "",
            "invoke_arn": "arn:aws:apigateway:ca-west-1:lambda:path/2015-03-31/functions/arn:aws:lambda:ca-west-1:845517756474:function:fasting-tracker-get-status/invocations",
            "kms_key_arn": "",
            "last_modified": "2026-05-01T23:41:38.000+0000",
            "layers": [],
            "logging_config": [
              {
                "application_log_level": "",
                "log_format": "Text",
                "log_group": "/aws/lambda/fasting-tracker-get-status",
                "system_log_level": ""
              }
            ],
            "memory_size": 128,
            "package_type": "Zip",
            "publish": false,
            "qualified_arn": "arn:aws:lambda:ca-west-1:845517756474:function:fasting-tracker-get-status:$LATEST",
            "qualified_invoke_arn": "arn:aws:apigateway:ca-west-1:lambda:path/2015-03-31/functions/arn:aws:lambda:ca-west-1:845517756474:function:fasting-tracker-get-status:$LATEST/invocations",
            "replace_security_groups_on_destroy": null,
            "replacement_security_group_ids": null,
            "reserved_concurrent_executions": -1,
            "role": "arn:aws:iam::845517756474:role/fasting-tracker-lambda-role",
            "runtime": "python3.13",
            "s3_bucket": "fasting-tracker-rayyan",
            "s3_key": "lambda/fasting-tracker-get-status.zip",
            "s3_object_version": null,
            "signing_job_arn": "",
            "signing_profile_version_arn": "",
            "skip_destroy": false,
            "snap_start": [],
            "source_code_hash": "",
            "source_code_size": 2003,
            "tags": {
              "Project": "fasting-tracker"
            },
            "tags_all": {
              "Project": "fasting-tracker"
            },
            "timeout": 30,
            "timeouts": null,
            "tracing_config": [
              {
                "mode": "PassThrough"
              }
            ],
            "version": "$LATEST",
            "vpc_config": []
          },
          "sensitive_attributes": [],
          "identity_schema_version": 0,
          "private": "eyJlMmJmYjczMC1lY2FhLTExZTYtOGY4OC0zNDM2M2JjN2M0YzAiOnsiY3JlYXRlIjo2MDAwMDAwMDAwMDAsImRlbGV0ZSI6NjAwMDAwMDAwMDAwLCJ1cGRhdGUiOjYwMDAwMDAwMDAwMH19",
          "dependencies": [
            "module.lambda.aws_iam_role.lambda_role",
            "module.storage.aws_dynamodb_table.fasting_overrides",
            "module.storage.aws_dynamodb_table.fasting_records",
            "module.storage.aws_dynamodb_table.health_snapshots",
            "module.storage.aws_dynamodb_table.notification_recipients",
            "module.storage.aws_dynamodb_table.reminder_log",
            "module.storage.aws_s3_bucket.lambda_storage"
          ]
        }
      ]
    },
    {
      "module": "module.lambda",
      "mode": "managed",
      "type": "aws_lambda_function",
      "name": "manage_overrides",
      "provider": "provider[\"registry.terraform.io/hashicorp/aws\"]",
      "instances": [
        {
          "schema_version": 0,
          "attributes": {
            "architectures": [
              "x86_64"
            ],
            "arn": "arn:aws:lambda:ca-west-1:845517756474:function:fasting-tracker-manage-overrides",
            "code_sha256": "cHfBfe/uPnw/azZu/whfOUomGQqC9qp60TpZ/iQZyeQ=",
            "code_signing_config_arn": null,
            "dead_letter_config": [],
            "description": "",
            "environment": [
              {
                "variables": {
                  "FASTING_TABLE": "fasting-records",
                  "OVERRIDES_TABLE": "fasting-overrides"
                }
              }
            ],
            "ephemeral_storage": [
              {
                "size": 512
              }
            ],
            "file_system_config": [],
            "filename": null,
            "function_name": "fasting-tracker-manage-overrides",
            "handler": "lambda_function.handler",
            "id": "fasting-tracker-manage-overrides",
            "image_config": [],
            "image_uri": "",
            "invoke_arn": "arn:aws:apigateway:ca-west-1:lambda:path/2015-03-31/functions/arn:aws:lambda:ca-west-1:845517756474:function:fasting-tracker-manage-overrides/invocations",
            "kms_key_arn": "",
            "last_modified": "2026-05-01T23:41:33.000+0000",
            "layers": [],
            "logging_config": [
              {
                "application_log_level": "",
                "log_format": "Text",
                "log_group": "/aws/lambda/fasting-tracker-manage-overrides",
                "system_log_level": ""
              }
            ],
            "memory_size": 128,
            "package_type": "Zip",
            "publish": false,
            "qualified_arn": "arn:aws:lambda:ca-west-1:845517756474:function:fasting-tracker-manage-overrides:$LATEST",
            "qualified_invoke_arn": "arn:aws:apigateway:ca-west-1:lambda:path/2015-03-31/functions/arn:aws:lambda:ca-west-1:845517756474:function:fasting-tracker-manage-overrides:$LATEST/invocations",
            "replace_security_groups_on_destroy": null,
            "replacement_security_group_ids": null,
            "reserved_concurrent_executions": -1,
            "role": "arn:aws:iam::845517756474:role/fasting-tracker-lambda-role",
            "runtime": "python3.13",
            "s3_bucket": "fasting-tracker-rayyan",
            "s3_key": "lambda/fasting-tracker-manage-overrides.zip",
            "s3_object_version": null,
            "signing_job_arn": "",
            "signing_profile_version_arn": "",
            "skip_destroy": false,
            "snap_start": [],
            "source_code_hash": "",
            "source_code_size": 1583,
            "tags": {
              "Project": "fasting-tracker"
            },
            "tags_all": {
              "Project": "fasting-tracker"
            },
            "timeout": 30,
            "timeouts": null,
            "tracing_config": [
              {
                "mode": "PassThrough"
              }
            ],
            "version": "$LATEST",
            "vpc_config": []
          },
          "sensitive_attributes": [],
          "identity_schema_version": 0,
          "private": "eyJlMmJmYjczMC1lY2FhLTExZTYtOGY4OC0zNDM2M2JjN2M0YzAiOnsiY3JlYXRlIjo2MDAwMDAwMDAwMDAsImRlbGV0ZSI6NjAwMDAwMDAwMDAwLCJ1cGRhdGUiOjYwMDAwMDAwMDAwMH19",
          "dependencies": [
            "module.lambda.aws_iam_role.lambda_role",
            "module.storage.aws_dynamodb_table.fasting_overrides",
            "module.storage.aws_dynamodb_table.fasting_records",
            "module.storage.aws_dynamodb_table.health_snapshots",
            "module.storage.aws_dynamodb_table.notification_recipients",
            "module.storage.aws_dynamodb_table.reminder_log",
            "module.storage.aws_s3_bucket.lambda_storage"
          ]
        }
      ]
    },
    {
      "module": "module.lambda",
      "mode": "managed",
      "type": "aws_lambda_function",
      "name": "reminder",
      "provider": "provider[\"registry.terraform.io/hashicorp/aws\"]",
      "instances": [
        {
          "schema_version": 0,
          "attributes": {
            "architectures": [
              "x86_64"
            ],
            "arn": "arn:aws:lambda:ca-west-1:845517756474:function:fasting-tracker-reminder",
            "code_sha256": "aEVkJU3aVAdb/6bUCvBsm8UPMZr/6eiA7fnk+kxRYyg=",
            "code_signing_config_arn": null,
            "dead_letter_config": [],
            "description": "",
            "environment": [
              {
                "variables": {
                  "FASTING_TABLE": "fasting-records",
                  "HEALTH_TABLE": "health-snapshots",
                  "OVERRIDES_TABLE": "fasting-overrides",
                  "RECIPIENTS_TABLE": "notification-recipients",
                  "REMINDER_LOG_TABLE": "reminder-log"
                }
              }
            ],
            "ephemeral_storage": [
              {
                "size": 512
              }
            ],
            "file_system_config": [],
            "filename": null,
            "function_name": "fasting-tracker-reminder",
            "handler": "reminder_function.handler",
            "id": "fasting-tracker-reminder",
            "image_config": [],
            "image_uri": "",
            "invoke_arn": "arn:aws:apigateway:ca-west-1:lambda:path/2015-03-31/functions/arn:aws:lambda:ca-west-1:845517756474:function:fasting-tracker-reminder/invocations",
            "kms_key_arn": "",
            "last_modified": "2026-05-01T23:44:32.000+0000",
            "layers": [],
            "logging_config": [
              {
                "application_log_level": "",
                "log_format": "Text",
                "log_group": "/aws/lambda/fasting-tracker-reminder",
                "system_log_level": ""
              }
            ],
            "memory_size": 128,
            "package_type": "Zip",
            "publish": false,
            "qualified_arn": "arn:aws:lambda:ca-west-1:845517756474:function:fasting-tracker-reminder:$LATEST",
            "qualified_invoke_arn": "arn:aws:apigateway:ca-west-1:lambda:path/2015-03-31/functions/arn:aws:lambda:ca-west-1:845517756474:function:fasting-tracker-reminder:$LATEST/invocations",
            "replace_security_groups_on_destroy": null,
            "replacement_security_group_ids": null,
            "reserved_concurrent_executions": -1,
            "role": "arn:aws:iam::845517756474:role/fasting-tracker-lambda-role",
            "runtime": "python3.13",
            "s3_bucket": "fasting-tracker-rayyan",
            "s3_key": "lambda/fasting-tracker-reminder.zip",
            "s3_object_version": null,
            "signing_job_arn": "",
            "signing_profile_version_arn": "",
            "skip_destroy": false,
            "snap_start": [],
            "source_code_hash": "",
            "source_code_size": 46535924,
            "tags": {
              "Project": "fasting-tracker"
            },
            "tags_all": {
              "Project": "fasting-tracker"
            },
            "timeout": 60,
            "timeouts": null,
            "tracing_config": [
              {
                "mode": "PassThrough"
              }
            ],
            "version": "$LATEST",
            "vpc_config": []
          },
          "sensitive_attributes": [],
          "identity_schema_version": 0,
          "private": "eyJlMmJmYjczMC1lY2FhLTExZTYtOGY4OC0zNDM2M2JjN2M0YzAiOnsiY3JlYXRlIjo2MDAwMDAwMDAwMDAsImRlbGV0ZSI6NjAwMDAwMDAwMDAwLCJ1cGRhdGUiOjYwMDAwMDAwMDAwMH19",
          "dependencies": [
            "module.lambda.aws_iam_role.lambda_role",
            "module.storage.aws_dynamodb_table.fasting_overrides",
            "module.storage.aws_dynamodb_table.fasting_records",
            "module.storage.aws_dynamodb_table.health_snapshots",
            "module.storage.aws_dynamodb_table.notification_recipients",
            "module.storage.aws_dynamodb_table.reminder_log",
            "module.storage.aws_s3_bucket.lambda_storage"
          ]
        }
      ]
    },
    {
      "module": "module.notifications",
      "mode": "managed",
      "type": "aws_cloudwatch_event_rule",
      "name": "daily_reminder",
      "provider": "provider[\"registry.terraform.io/hashicorp/aws\"]",
      "instances": [
        {
          "schema_version": 1,
          "attributes": {
            "arn": "arn:aws:events:ca-west-1:845517756474:rule/fasting-tracker-daily",
            "description": "Triggers fasting reminder Lambda daily at 8pm Mountain Time (2am UTC)",
            "event_bus_name": "default",
            "event_pattern": null,
            "force_destroy": false,
            "id": "fasting-tracker-daily",
            "is_enabled": true,
            "name": "fasting-tracker-daily",
            "name_prefix": "",
            "role_arn": "",
            "schedule_expression": "cron(0 2 * * ? *)",
            "state": "ENABLED",
            "tags": {
              "Project": "fasting-tracker"
            },
            "tags_all": {
              "Project": "fasting-tracker"
            }
          },
          "sensitive_attributes": [],
          "identity_schema_version": 0,
          "private": "eyJzY2hlbWFfdmVyc2lvbiI6IjEifQ==",
          "dependencies": [
            "module.lambda.aws_iam_role.lambda_role",
            "module.lambda.aws_iam_role_policy.lambda_dynamodb",
            "module.lambda.aws_iam_role_policy.lambda_sns",
            "module.lambda.aws_iam_role_policy_attachment.lambda_cloudwatch",
            "module.lambda.aws_iam_role_policy_attachment.lambda_logs",
            "module.lambda.aws_lambda_function.get_fasting",
            "module.lambda.aws_lambda_function.get_health",
            "module.lambda.aws_lambda_function.get_status",
            "module.lambda.aws_lambda_function.manage_overrides",
            "module.lambda.aws_lambda_function.reminder",
            "module.storage.aws_dynamodb_table.fasting_overrides",
            "module.storage.aws_dynamodb_table.fasting_records",
            "module.storage.aws_dynamodb_table.health_snapshots",
            "module.storage.aws_dynamodb_table.notification_recipients",
            "module.storage.aws_dynamodb_table.reminder_log",
            "module.storage.aws_s3_bucket.lambda_storage"
          ]
        }
      ]
    },
    {
      "module": "module.notifications",
      "mode": "managed",
      "type": "aws_cloudwatch_event_target",
      "name": "reminder_target",
      "provider": "provider[\"registry.terraform.io/hashicorp/aws\"]",
      "instances": [
        {
          "schema_version": 1,
          "attributes": {
            "appsync_target": [],
            "arn": "arn:aws:lambda:ca-west-1:845517756474:function:fasting-tracker-reminder",
            "batch_target": [],
            "dead_letter_config": [],
            "ecs_target": [],
            "event_bus_name": "default",
            "force_destroy": false,
            "http_target": [],
            "id": "fasting-tracker-daily-FastingReminderLambda",
            "input": "",
            "input_path": "",
            "input_transformer": [],
            "kinesis_target": [],
            "redshift_target": [],
            "retry_policy": [],
            "role_arn": "",
            "rule": "fasting-tracker-daily",
            "run_command_targets": [],
            "sagemaker_pipeline_target": [],
            "sqs_target": [],
            "target_id": "FastingReminderLambda"
          },
          "sensitive_attributes": [],
          "identity_schema_version": 0,
          "private": "eyJzY2hlbWFfdmVyc2lvbiI6IjEifQ==",
          "dependencies": [
            "module.lambda.aws_iam_role.lambda_role",
            "module.lambda.aws_iam_role_policy.lambda_dynamodb",
            "module.lambda.aws_iam_role_policy.lambda_sns",
            "module.lambda.aws_iam_role_policy_attachment.lambda_cloudwatch",
            "module.lambda.aws_iam_role_policy_attachment.lambda_logs",
            "module.lambda.aws_lambda_function.get_fasting",
            "module.lambda.aws_lambda_function.get_health",
            "module.lambda.aws_lambda_function.get_status",
            "module.lambda.aws_lambda_function.manage_overrides",
            "module.lambda.aws_lambda_function.reminder",
            "module.notifications.aws_cloudwatch_event_rule.daily_reminder",
            "module.storage.aws_dynamodb_table.fasting_overrides",
            "module.storage.aws_dynamodb_table.fasting_records",
            "module.storage.aws_dynamodb_table.health_snapshots",
            "module.storage.aws_dynamodb_table.notification_recipients",
            "module.storage.aws_dynamodb_table.reminder_log",
            "module.storage.aws_s3_bucket.lambda_storage"
          ]
        }
      ]
    },
    {
      "module": "module.notifications",
      "mode": "managed",
      "type": "aws_lambda_permission",
      "name": "allow_eventbridge",
      "provider": "provider[\"registry.terraform.io/hashicorp/aws\"]",
      "instances": [
        {
          "schema_version": 0,
          "attributes": {
            "action": "lambda:InvokeFunction",
            "event_source_token": null,
            "function_name": "fasting-tracker-reminder",
            "function_url_auth_type": null,
            "id": "AllowEventBridgeInvoke",
            "principal": "events.amazonaws.com",
            "principal_org_id": null,
            "qualifier": "",
            "source_account": null,
            "source_arn": "arn:aws:events:ca-west-1:845517756474:rule/fasting-tracker-daily",
            "statement_id": "AllowEventBridgeInvoke",
            "statement_id_prefix": ""
          },
          "sensitive_attributes": [],
          "identity_schema_version": 0,
          "private": "bnVsbA==",
          "dependencies": [
            "module.lambda.aws_iam_role.lambda_role",
            "module.lambda.aws_iam_role_policy.lambda_dynamodb",
            "module.lambda.aws_iam_role_policy.lambda_sns",
            "module.lambda.aws_iam_role_policy_attachment.lambda_cloudwatch",
            "module.lambda.aws_iam_role_policy_attachment.lambda_logs",
            "module.lambda.aws_lambda_function.get_fasting",
            "module.lambda.aws_lambda_function.get_health",
            "module.lambda.aws_lambda_function.get_status",
            "module.lambda.aws_lambda_function.manage_overrides",
            "module.lambda.aws_lambda_function.reminder",
            "module.notifications.aws_cloudwatch_event_rule.daily_reminder",
            "module.storage.aws_dynamodb_table.fasting_overrides",
            "module.storage.aws_dynamodb_table.fasting_records",
            "module.storage.aws_dynamodb_table.health_snapshots",
            "module.storage.aws_dynamodb_table.notification_recipients",
            "module.storage.aws_dynamodb_table.reminder_log",
            "module.storage.aws_s3_bucket.lambda_storage"
          ]
        }
      ]
    },
    {
      "module": "module.storage",
      "mode": "managed",
      "type": "aws_dynamodb_table",
      "name": "fasting_overrides",
      "provider": "provider[\"registry.terraform.io/hashicorp/aws\"]",
      "instances": [
        {
          "schema_version": 1,
          "attributes": {
            "arn": "arn:aws:dynamodb:ca-west-1:845517756474:table/fasting-overrides",
            "attribute": [
              {
                "name": "date",
                "type": "S"
              }
            ],
            "billing_mode": "PAY_PER_REQUEST",
            "deletion_protection_enabled": false,
            "global_secondary_index": [],
            "hash_key": "date",
            "id": "fasting-overrides",
            "import_table": [],
            "local_secondary_index": [],
            "name": "fasting-overrides",
            "on_demand_throughput": [],
            "point_in_time_recovery": [
              {
                "enabled": false,
                "recovery_period_in_days": 0
              }
            ],
            "range_key": null,
            "read_capacity": 0,
            "replica": [],
            "restore_date_time": null,
            "restore_source_name": null,
            "restore_source_table_arn": null,
            "restore_to_latest_time": null,
            "server_side_encryption": [],
            "stream_arn": "",
            "stream_enabled": false,
            "stream_label": "",
            "stream_view_type": "",
            "table_class": "STANDARD",
            "tags": {
              "Project": "fasting-tracker"
            },
            "tags_all": {
              "Project": "fasting-tracker"
            },
            "timeouts": null,
            "ttl": [
              {
                "attribute_name": "",
                "enabled": false
              }
            ],
            "write_capacity": 0
          },
          "sensitive_attributes": [],
          "identity_schema_version": 0,
          "private": "eyJlMmJmYjczMC1lY2FhLTExZTYtOGY4OC0zNDM2M2JjN2M0YzAiOnsiY3JlYXRlIjoxODAwMDAwMDAwMDAwLCJkZWxldGUiOjYwMDAwMDAwMDAwMCwidXBkYXRlIjozNjAwMDAwMDAwMDAwfSwic2NoZW1hX3ZlcnNpb24iOiIxIn0="
        }
      ]
    },
    {
      "module": "module.storage",
      "mode": "managed",
      "type": "aws_dynamodb_table",
      "name": "fasting_records",
      "provider": "provider[\"registry.terraform.io/hashicorp/aws\"]",
      "instances": [
        {
          "schema_version": 1,
          "attributes": {
            "arn": "arn:aws:dynamodb:ca-west-1:845517756474:table/fasting-records",
            "attribute": [
              {
                "name": "date",
                "type": "S"
              }
            ],
            "billing_mode": "PAY_PER_REQUEST",
            "deletion_protection_enabled": false,
            "global_secondary_index": [],
            "hash_key": "date",
            "id": "fasting-records",
            "import_table": [],
            "local_secondary_index": [],
            "name": "fasting-records",
            "on_demand_throughput": [],
            "point_in_time_recovery": [
              {
                "enabled": false,
                "recovery_period_in_days": 0
              }
            ],
            "range_key": null,
            "read_capacity": 0,
            "replica": [],
            "restore_date_time": null,
            "restore_source_name": null,
            "restore_source_table_arn": null,
            "restore_to_latest_time": null,
            "server_side_encryption": [],
            "stream_arn": "",
            "stream_enabled": false,
            "stream_label": "",
            "stream_view_type": "",
            "table_class": "STANDARD",
            "tags": {
              "Project": "fasting-tracker"
            },
            "tags_all": {
              "Project": "fasting-tracker"
            },
            "timeouts": null,
            "ttl": [
              {
                "attribute_name": "",
                "enabled": false
              }
            ],
            "write_capacity": 0
          },
          "sensitive_attributes": [],
          "identity_schema_version": 0,
          "private": "eyJlMmJmYjczMC1lY2FhLTExZTYtOGY4OC0zNDM2M2JjN2M0YzAiOnsiY3JlYXRlIjoxODAwMDAwMDAwMDAwLCJkZWxldGUiOjYwMDAwMDAwMDAwMCwidXBkYXRlIjozNjAwMDAwMDAwMDAwfSwic2NoZW1hX3ZlcnNpb24iOiIxIn0="
        }
      ]
    },
    {
      "module": "module.storage",
      "mode": "managed",
      "type": "aws_dynamodb_table",
      "name": "health_snapshots",
      "provider": "provider[\"registry.terraform.io/hashicorp/aws\"]",
      "instances": [
        {
          "schema_version": 1,
          "attributes": {
            "arn": "arn:aws:dynamodb:ca-west-1:845517756474:table/health-snapshots",
            "attribute": [
              {
                "name": "date",
                "type": "S"
              },
              {
                "name": "metric",
                "type": "S"
              }
            ],
            "billing_mode": "PAY_PER_REQUEST",
            "deletion_protection_enabled": false,
            "global_secondary_index": [],
            "hash_key": "date",
            "id": "health-snapshots",
            "import_table": [],
            "local_secondary_index": [],
            "name": "health-snapshots",
            "on_demand_throughput": [],
            "point_in_time_recovery": [
              {
                "enabled": false,
                "recovery_period_in_days": 0
              }
            ],
            "range_key": "metric",
            "read_capacity": 0,
            "replica": [],
            "restore_date_time": null,
            "restore_source_name": null,
            "restore_source_table_arn": null,
            "restore_to_latest_time": null,
            "server_side_encryption": [],
            "stream_arn": "",
            "stream_enabled": false,
            "stream_label": "",
            "stream_view_type": "",
            "table_class": "STANDARD",
            "tags": {
              "Project": "fasting-tracker"
            },
            "tags_all": {
              "Project": "fasting-tracker"
            },
            "timeouts": null,
            "ttl": [
              {
                "attribute_name": "",
                "enabled": false
              }
            ],
            "write_capacity": 0
          },
          "sensitive_attributes": [],
          "identity_schema_version": 0,
          "private": "eyJlMmJmYjczMC1lY2FhLTExZTYtOGY4OC0zNDM2M2JjN2M0YzAiOnsiY3JlYXRlIjoxODAwMDAwMDAwMDAwLCJkZWxldGUiOjYwMDAwMDAwMDAwMCwidXBkYXRlIjozNjAwMDAwMDAwMDAwfSwic2NoZW1hX3ZlcnNpb24iOiIxIn0="
        }
      ]
    },
    {
      "module": "module.storage",
      "mode": "managed",
      "type": "aws_dynamodb_table",
      "name": "notification_recipients",
      "provider": "provider[\"registry.terraform.io/hashicorp/aws\"]",
      "instances": [
        {
          "schema_version": 1,
          "attributes": {
            "arn": "arn:aws:dynamodb:ca-west-1:845517756474:table/notification-recipients",
            "attribute": [
              {
                "name": "phone",
                "type": "S"
              }
            ],
            "billing_mode": "PAY_PER_REQUEST",
            "deletion_protection_enabled": false,
            "global_secondary_index": [],
            "hash_key": "phone",
            "id": "notification-recipients",
            "import_table": [],
            "local_secondary_index": [],
            "name": "notification-recipients",
            "on_demand_throughput": [],
            "point_in_time_recovery": [
              {
                "enabled": false,
                "recovery_period_in_days": 0
              }
            ],
            "range_key": null,
            "read_capacity": 0,
            "replica": [],
            "restore_date_time": null,
            "restore_source_name": null,
            "restore_source_table_arn": null,
            "restore_to_latest_time": null,
            "server_side_encryption": [],
            "stream_arn": "",
            "stream_enabled": false,
            "stream_label": "",
            "stream_view_type": "",
            "table_class": "STANDARD",
            "tags": {
              "Project": "fasting-tracker"
            },
            "tags_all": {
              "Project": "fasting-tracker"
            },
            "timeouts": null,
            "ttl": [
              {
                "attribute_name": "",
                "enabled": false
              }
            ],
            "write_capacity": 0
          },
          "sensitive_attributes": [],
          "identity_schema_version": 0,
          "private": "eyJlMmJmYjczMC1lY2FhLTExZTYtOGY4OC0zNDM2M2JjN2M0YzAiOnsiY3JlYXRlIjoxODAwMDAwMDAwMDAwLCJkZWxldGUiOjYwMDAwMDAwMDAwMCwidXBkYXRlIjozNjAwMDAwMDAwMDAwfSwic2NoZW1hX3ZlcnNpb24iOiIxIn0="
        }
      ]
    },
    {
      "module": "module.storage",
      "mode": "managed",
      "type": "aws_dynamodb_table",
      "name": "reminder_log",
      "provider": "provider[\"registry.terraform.io/hashicorp/aws\"]",
      "instances": [
        {
          "schema_version": 1,
          "attributes": {
            "arn": "arn:aws:dynamodb:ca-west-1:845517756474:table/reminder-log",
            "attribute": [
              {
                "name": "date",
                "type": "S"
              },
              {
                "name": "fast_type",
                "type": "S"
              }
            ],
            "billing_mode": "PAY_PER_REQUEST",
            "deletion_protection_enabled": false,
            "global_secondary_index": [],
            "hash_key": "date",
            "id": "reminder-log",
            "import_table": [],
            "local_secondary_index": [],
            "name": "reminder-log",
            "on_demand_throughput": [],
            "point_in_time_recovery": [
              {
                "enabled": false,
                "recovery_period_in_days": 0
              }
            ],
            "range_key": "fast_type",
            "read_capacity": 0,
            "replica": [],
            "restore_date_time": null,
            "restore_source_name": null,
            "restore_source_table_arn": null,
            "restore_to_latest_time": null,
            "server_side_encryption": [],
            "stream_arn": "",
            "stream_enabled": false,
            "stream_label": "",
            "stream_view_type": "",
            "table_class": "STANDARD",
            "tags": {
              "Project": "fasting-tracker"
            },
            "tags_all": {
              "Project": "fasting-tracker"
            },
            "timeouts": null,
            "ttl": [
              {
                "attribute_name": "expires_at",
                "enabled": true
              }
            ],
            "write_capacity": 0
          },
          "sensitive_attributes": [],
          "identity_schema_version": 0,
          "private": "eyJlMmJmYjczMC1lY2FhLTExZTYtOGY4OC0zNDM2M2JjN2M0YzAiOnsiY3JlYXRlIjoxODAwMDAwMDAwMDAwLCJkZWxldGUiOjYwMDAwMDAwMDAwMCwidXBkYXRlIjozNjAwMDAwMDAwMDAwfSwic2NoZW1hX3ZlcnNpb24iOiIxIn0="
        }
      ]
    },
    {
      "module": "module.storage",
      "mode": "managed",
      "type": "aws_s3_bucket",
      "name": "lambda_storage",
      "provider": "provider[\"registry.terraform.io/hashicorp/aws\"]",
      "instances": [
        {
          "schema_version": 0,
          "attributes": {
            "acceleration_status": "",
            "acl": null,
            "arn": "arn:aws:s3:::fasting-tracker-rayyan",
            "bucket": "fasting-tracker-rayyan",
            "bucket_domain_name": "fasting-tracker-rayyan.s3.amazonaws.com",
            "bucket_prefix": "",
            "bucket_regional_domain_name": "fasting-tracker-rayyan.s3.ca-west-1.amazonaws.com",
            "cors_rule": [],
            "force_destroy": false,
            "grant": [
              {
                "id": "2344a27b91d4a089d79e25177ce2fc956c5c3f3eb58fb5f0cde4e6c23b019fec",
                "permissions": [
                  "FULL_CONTROL"
                ],
                "type": "CanonicalUser",
                "uri": ""
              }
            ],
            "hosted_zone_id": "Z03565811Z33SLEZTHOUL",
            "id": "fasting-tracker-rayyan",
            "lifecycle_rule": [],
            "logging": [],
            "object_lock_configuration": [],
            "object_lock_enabled": false,
            "policy": "",
            "region": "ca-west-1",
            "replication_configuration": [],
            "request_payer": "BucketOwner",
            "server_side_encryption_configuration": [
              {
                "rule": [
                  {
                    "apply_server_side_encryption_by_default": [
                      {
                        "kms_master_key_id": "",
                        "sse_algorithm": "AES256"
                      }
                    ],
                    "bucket_key_enabled": true
                  }
                ]
              }
            ],
            "tags": {
              "Project": "fasting-tracker"
            },
            "tags_all": {
              "Project": "fasting-tracker"
            },
            "timeouts": null,
            "versioning": [
              {
                "enabled": false,
                "mfa_delete": false
              }
            ],
            "website": [],
            "website_domain": null,
            "website_endpoint": null
          },
          "sensitive_attributes": [],
          "identity_schema_version": 0,
          "private": "eyJlMmJmYjczMC1lY2FhLTExZTYtOGY4OC0zNDM2M2JjN2M0YzAiOnsiY3JlYXRlIjoxMjAwMDAwMDAwMDAwLCJkZWxldGUiOjM2MDAwMDAwMDAwMDAsInJlYWQiOjEyMDAwMDAwMDAwMDAsInVwZGF0ZSI6MTIwMDAwMDAwMDAwMH19"
        }
      ]
    }
  ],
  "check_results": null
}
